PODS:
  - GTSDK (1.4.2)
  - JASidePanels (1.3.2)
  - libWeChatSDK (1.6)
  - MagicWindowSDK (3.70.160420):
    - libWeChatSDK
  - SDWebImage (3.7.5):
    - SDWebImage/Core (= 3.7.5)
  - SDWebImage/Core (3.7.5)

DEPENDENCIES:
  - GTSDK
  - JASidePanels
  - MagicWindowSDK
  - SDWebImage

SPEC CHECKSUMS:
  GTSDK: 51a12836895312a872f75a2fe0f2e788dee75b19
  JASidePanels: c8f5b130e18d51ee3de988d1c1fad2f88e0b0d21
  libWeChatSDK: 248280c10e6edd275e0efab54ac7ad42a62b6a57
  MagicWindowSDK: b4cfe0e9bbbe175e0ddeebb6f279bf00961abc23
  SDWebImage: 69c6303e3348fba97e03f65d65d4fbc26740f461

COCOAPODS: 0.39.0
