// !$*UTF8*$!
{
	archiveVersion = 1;
	classes = {
	};
	objectVersion = 46;
	objects = {

/* Begin PBXBuildFile section */
		372DA4E21C8D926E002532C3 /* DianShangTableViewController.m in Sources */ = {isa = PBXBuildFile; fileRef = 372DA4E11C8D926E002532C3 /* DianShangTableViewController.m */; };
		374812A11C748B1400C6F49A /* libJASidePanels.a in Frameworks */ = {isa = PBXBuildFile; fileRef = 374812A01C748B1400C6F49A /* libJASidePanels.a */; };
		3779F3391BB6881E00CD446A /* libstdc++.tbd in Frameworks */ = {isa = PBXBuildFile; fileRef = 3779F3381BB6881E00CD446A /* libstdc++.tbd */; };
		3779F33B1BB6882B00CD446A /* libsqlite3.tbd in Frameworks */ = {isa = PBXBuildFile; fileRef = 3779F33A1BB6882B00CD446A /* libsqlite3.tbd */; };
		378DE2221C8706B10053F169 /* CommonService.m in Sources */ = {isa = PBXBuildFile; fileRef = 378DE21F1C8706B10053F169 /* CommonService.m */; };
		378DE2231C8706B10053F169 /* OpenService.m in Sources */ = {isa = PBXBuildFile; fileRef = 378DE2211C8706B10053F169 /* OpenService.m */; };
		378DE2301C87D8570053F169 /* ResourceService.m in Sources */ = {isa = PBXBuildFile; fileRef = 378DE22F1C87D8570053F169 /* ResourceService.m */; };
		378DE2371C880DEA0053F169 /* businessList.json in Resources */ = {isa = PBXBuildFile; fileRef = 378DE2321C880DEA0053F169 /* businessList.json */; };
		378DE2381C880DEA0053F169 /* newsList.json in Resources */ = {isa = PBXBuildFile; fileRef = 378DE2331C880DEA0053F169 /* newsList.json */; };
		378DE2391C880DEA0053F169 /* o2oList.json in Resources */ = {isa = PBXBuildFile; fileRef = 378DE2341C880DEA0053F169 /* o2oList.json */; };
		378DE23A1C880DEA0053F169 /* picList.json in Resources */ = {isa = PBXBuildFile; fileRef = 378DE2351C880DEA0053F169 /* picList.json */; };
		378DE23B1C880DEA0053F169 /* travelList.json in Resources */ = {isa = PBXBuildFile; fileRef = 378DE2361C880DEA0053F169 /* travelList.json */; };
		378DE28D1C8D1F0C0053F169 /* CityPickerViewController.m in Sources */ = {isa = PBXBuildFile; fileRef = 378DE23E1C8D1F0C0053F169 /* CityPickerViewController.m */; };
		378DE28E1C8D1F0C0053F169 /* DianShangDetailViewController.m in Sources */ = {isa = PBXBuildFile; fileRef = 378DE2401C8D1F0C0053F169 /* DianShangDetailViewController.m */; };
		378DE28F1C8D1F0C0053F169 /* DianShangViewController.m in Sources */ = {isa = PBXBuildFile; fileRef = 378DE2421C8D1F0C0053F169 /* DianShangViewController.m */; };
		378DE2901C8D1F0C0053F169 /* HelpViewController.m in Sources */ = {isa = PBXBuildFile; fileRef = 378DE2441C8D1F0C0053F169 /* HelpViewController.m */; };
		378DE2911C8D1F0C0053F169 /* HomeViewController.m in Sources */ = {isa = PBXBuildFile; fileRef = 378DE2461C8D1F0C0053F169 /* HomeViewController.m */; };
		378DE2921C8D1F0C0053F169 /* LeftViewController.m in Sources */ = {isa = PBXBuildFile; fileRef = 378DE2481C8D1F0C0053F169 /* LeftViewController.m */; };
		378DE2931C8D1F0C0053F169 /* LoginViewController.m in Sources */ = {isa = PBXBuildFile; fileRef = 378DE24A1C8D1F0C0053F169 /* LoginViewController.m */; };
		378DE2941C8D1F0C0053F169 /* MeViewController.m in Sources */ = {isa = PBXBuildFile; fileRef = 378DE24C1C8D1F0C0053F169 /* MeViewController.m */; };
		378DE2951C8D1F0C0053F169 /* NewsViewController.m in Sources */ = {isa = PBXBuildFile; fileRef = 378DE24E1C8D1F0C0053F169 /* NewsViewController.m */; };
		378DE2961C8D1F0C0053F169 /* O2ODetailViewController.m in Sources */ = {isa = PBXBuildFile; fileRef = 378DE2501C8D1F0C0053F169 /* O2ODetailViewController.m */; };
		378DE2971C8D1F0C0053F169 /* O2OViewController.m in Sources */ = {isa = PBXBuildFile; fileRef = 378DE2521C8D1F0C0053F169 /* O2OViewController.m */; };
		378DE2981C8D1F0C0053F169 /* OrderDetailsViewController.m in Sources */ = {isa = PBXBuildFile; fileRef = 378DE2541C8D1F0C0053F169 /* OrderDetailsViewController.m */; };
		378DE2991C8D1F0C0053F169 /* PaymentViewController.m in Sources */ = {isa = PBXBuildFile; fileRef = 378DE2561C8D1F0C0053F169 /* PaymentViewController.m */; };
		378DE29A1C8D1F0C0053F169 /* PaySuccessViewController.m in Sources */ = {isa = PBXBuildFile; fileRef = 378DE2581C8D1F0C0053F169 /* PaySuccessViewController.m */; };
		378DE29B1C8D1F0C0053F169 /* ShoppinglistViewController.m in Sources */ = {isa = PBXBuildFile; fileRef = 378DE25A1C8D1F0C0053F169 /* ShoppinglistViewController.m */; };
		378DE29C1C8D1F0C0053F169 /* TourismDetailViewController.m in Sources */ = {isa = PBXBuildFile; fileRef = 378DE25C1C8D1F0C0053F169 /* TourismDetailViewController.m */; };
		378DE29D1C8D1F0C0053F169 /* TukuViewController.m in Sources */ = {isa = PBXBuildFile; fileRef = 378DE25E1C8D1F0C0053F169 /* TukuViewController.m */; };
		378DE29E1C8D1F0C0053F169 /* ViewController.m in Sources */ = {isa = PBXBuildFile; fileRef = 378DE2601C8D1F0C0053F169 /* ViewController.m */; };
		378DE29F1C8D1F0C0053F169 /* WebViewController.m in Sources */ = {isa = PBXBuildFile; fileRef = 378DE2621C8D1F0C0053F169 /* WebViewController.m */; };
		378DE2A01C8D1F0C0053F169 /* BaseDomain.m in Sources */ = {isa = PBXBuildFile; fileRef = 378DE2651C8D1F0C0053F169 /* BaseDomain.m */; };
		378DE2A11C8D1F0C0053F169 /* ShowDomain.m in Sources */ = {isa = PBXBuildFile; fileRef = 378DE2671C8D1F0C0053F169 /* ShowDomain.m */; };
		378DE2A21C8D1F0C0053F169 /* BannerScrollCell.m in Sources */ = {isa = PBXBuildFile; fileRef = 378DE26A1C8D1F0C0053F169 /* BannerScrollCell.m */; };
		378DE2A31C8D1F0C0053F169 /* BannerScrollCell.xib in Resources */ = {isa = PBXBuildFile; fileRef = 378DE26B1C8D1F0C0053F169 /* BannerScrollCell.xib */; };
		378DE2A41C8D1F0C0053F169 /* BtnView.m in Sources */ = {isa = PBXBuildFile; fileRef = 378DE26D1C8D1F0C0053F169 /* BtnView.m */; };
		378DE2A51C8D1F0C0053F169 /* BtnView.xib in Resources */ = {isa = PBXBuildFile; fileRef = 378DE26E1C8D1F0C0053F169 /* BtnView.xib */; };
		378DE2A61C8D1F0C0053F169 /* BtnViewCell.m in Sources */ = {isa = PBXBuildFile; fileRef = 378DE2701C8D1F0C0053F169 /* BtnViewCell.m */; };
		378DE2A71C8D1F0C0053F169 /* BtnViewCell.xib in Resources */ = {isa = PBXBuildFile; fileRef = 378DE2711C8D1F0C0053F169 /* BtnViewCell.xib */; };
		378DE2A81C8D1F0C0053F169 /* ChineseToPinyin.m in Sources */ = {isa = PBXBuildFile; fileRef = 378DE2731C8D1F0C0053F169 /* ChineseToPinyin.m */; };
		378DE2A91C8D1F0C0053F169 /* DianshangHelpView.m in Sources */ = {isa = PBXBuildFile; fileRef = 378DE2751C8D1F0C0053F169 /* DianshangHelpView.m */; };
		378DE2AA1C8D1F0C0053F169 /* DianshangHelpView.xib in Resources */ = {isa = PBXBuildFile; fileRef = 378DE2761C8D1F0C0053F169 /* DianshangHelpView.xib */; };
		378DE2AB1C8D1F0C0053F169 /* FullIamge2Cell.m in Sources */ = {isa = PBXBuildFile; fileRef = 378DE2781C8D1F0C0053F169 /* FullIamge2Cell.m */; };
		378DE2AC1C8D1F0C0053F169 /* FullIamge2Cell.xib in Resources */ = {isa = PBXBuildFile; fileRef = 378DE2791C8D1F0C0053F169 /* FullIamge2Cell.xib */; };
		378DE2AD1C8D1F0C0053F169 /* FullImageCell.m in Sources */ = {isa = PBXBuildFile; fileRef = 378DE27B1C8D1F0C0053F169 /* FullImageCell.m */; };
		378DE2AE1C8D1F0C0053F169 /* FullImageCell.xib in Resources */ = {isa = PBXBuildFile; fileRef = 378DE27C1C8D1F0C0053F169 /* FullImageCell.xib */; };
		378DE2AF1C8D1F0C0053F169 /* HomeHelpView.m in Sources */ = {isa = PBXBuildFile; fileRef = 378DE27E1C8D1F0C0053F169 /* HomeHelpView.m */; };
		378DE2B01C8D1F0C0053F169 /* HomeHelpView.xib in Resources */ = {isa = PBXBuildFile; fileRef = 378DE27F1C8D1F0C0053F169 /* HomeHelpView.xib */; };
		378DE2B11C8D1F0C0053F169 /* ImageTableCell.m in Sources */ = {isa = PBXBuildFile; fileRef = 378DE2811C8D1F0C0053F169 /* ImageTableCell.m */; };
		378DE2B21C8D1F0C0053F169 /* ImageTableCell.xib in Resources */ = {isa = PBXBuildFile; fileRef = 378DE2821C8D1F0C0053F169 /* ImageTableCell.xib */; };
		378DE2B31C8D1F0C0053F169 /* NewsCell.m in Sources */ = {isa = PBXBuildFile; fileRef = 378DE2841C8D1F0C0053F169 /* NewsCell.m */; };
		378DE2B41C8D1F0C0053F169 /* NewsCell.xib in Resources */ = {isa = PBXBuildFile; fileRef = 378DE2851C8D1F0C0053F169 /* NewsCell.xib */; };
		378DE2B51C8D1F0C0053F169 /* O2OTableCell.m in Sources */ = {isa = PBXBuildFile; fileRef = 378DE2871C8D1F0C0053F169 /* O2OTableCell.m */; };
		378DE2B61C8D1F0C0053F169 /* O2OTableCell.xib in Resources */ = {isa = PBXBuildFile; fileRef = 378DE2881C8D1F0C0053F169 /* O2OTableCell.xib */; };
		378DE2B71C8D1F0C0053F169 /* TourismCell.xib in Resources */ = {isa = PBXBuildFile; fileRef = 378DE2891C8D1F0C0053F169 /* TourismCell.xib */; };
		378DE2B81C8D1F0C0053F169 /* TwoImageCell.m in Sources */ = {isa = PBXBuildFile; fileRef = 378DE28B1C8D1F0C0053F169 /* TwoImageCell.m */; };
		378DE2B91C8D1F0C0053F169 /* TwoImageCell.xib in Resources */ = {isa = PBXBuildFile; fileRef = 378DE28C1C8D1F0C0053F169 /* TwoImageCell.xib */; };
		378DE2BA1C8D210A0053F169 /* ImageTableCell.xib in Resources */ = {isa = PBXBuildFile; fileRef = 378DE2821C8D1F0C0053F169 /* ImageTableCell.xib */; };
		378DE2BB1C8D21200053F169 /* BannerScrollCell.m in Sources */ = {isa = PBXBuildFile; fileRef = 378DE26A1C8D1F0C0053F169 /* BannerScrollCell.m */; };
		378DE2BC1C8D21260053F169 /* BannerScrollCell.xib in Resources */ = {isa = PBXBuildFile; fileRef = 378DE26B1C8D1F0C0053F169 /* BannerScrollCell.xib */; };
		378DE2BD1C8D21360053F169 /* BtnView.m in Sources */ = {isa = PBXBuildFile; fileRef = 378DE26D1C8D1F0C0053F169 /* BtnView.m */; };
		378DE2BE1C8D213E0053F169 /* BtnView.xib in Resources */ = {isa = PBXBuildFile; fileRef = 378DE26E1C8D1F0C0053F169 /* BtnView.xib */; };
		378DE2BF1C8D21490053F169 /* ImageTableCell.m in Sources */ = {isa = PBXBuildFile; fileRef = 378DE2811C8D1F0C0053F169 /* ImageTableCell.m */; };
		378DE2C01C8D215D0053F169 /* FullIamge2Cell.m in Sources */ = {isa = PBXBuildFile; fileRef = 378DE2781C8D1F0C0053F169 /* FullIamge2Cell.m */; };
		378DE2C11C8D21620053F169 /* FullIamge2Cell.xib in Resources */ = {isa = PBXBuildFile; fileRef = 378DE2791C8D1F0C0053F169 /* FullIamge2Cell.xib */; };
		378DE2C21C8D21700053F169 /* BtnViewCell.m in Sources */ = {isa = PBXBuildFile; fileRef = 378DE2701C8D1F0C0053F169 /* BtnViewCell.m */; };
		378DE2C31C8D21730053F169 /* BtnViewCell.xib in Resources */ = {isa = PBXBuildFile; fileRef = 378DE2711C8D1F0C0053F169 /* BtnViewCell.xib */; };
		379A0CE21C7EAB97007A3A8F /* main.m in Sources */ = {isa = PBXBuildFile; fileRef = 379A0CE11C7EAB97007A3A8F /* main.m */; };
		379A0CE51C7EAB97007A3A8F /* AppDelegate.m in Sources */ = {isa = PBXBuildFile; fileRef = 379A0CE41C7EAB97007A3A8F /* AppDelegate.m */; };
		379A0CEB1C7EAB97007A3A8F /* Main2.storyboard in Resources */ = {isa = PBXBuildFile; fileRef = 379A0CE91C7EAB97007A3A8F /* Main2.storyboard */; };
		379A0CED1C7EAB97007A3A8F /* Assets.xcassets in Resources */ = {isa = PBXBuildFile; fileRef = 379A0CEC1C7EAB97007A3A8F /* Assets.xcassets */; };
		379A0CF01C7EAB97007A3A8F /* LaunchScreen.storyboard in Resources */ = {isa = PBXBuildFile; fileRef = 379A0CEE1C7EAB97007A3A8F /* LaunchScreen.storyboard */; };
		379A0CFB1C7EAB97007A3A8F /* MagicWindowShow2Tests.m in Sources */ = {isa = PBXBuildFile; fileRef = 379A0CFA1C7EAB97007A3A8F /* MagicWindowShow2Tests.m */; };
		379A0D061C7EAB97007A3A8F /* MagicWindowShow2UITests.m in Sources */ = {isa = PBXBuildFile; fileRef = 379A0D051C7EAB97007A3A8F /* MagicWindowShow2UITests.m */; };
		379A0D311C7ED260007A3A8F /* GoodsDetailViewController.m in Sources */ = {isa = PBXBuildFile; fileRef = 379A0D301C7ED260007A3A8F /* GoodsDetailViewController.m */; };
		379A0D361C7FF5B6007A3A8F /* CityList.plist in Resources */ = {isa = PBXBuildFile; fileRef = 379A0D351C7FF5B6007A3A8F /* CityList.plist */; };
		37B21C781C7471FB00C85C5C /* libSDWebImage.a in Frameworks */ = {isa = PBXBuildFile; fileRef = 37B21C771C7471FB00C85C5C /* libSDWebImage.a */; };
		37B4040D1BA2C63000393EA0 /* main.m in Sources */ = {isa = PBXBuildFile; fileRef = 37B4040C1BA2C63000393EA0 /* main.m */; };
		37B404101BA2C63000393EA0 /* AppDelegate.m in Sources */ = {isa = PBXBuildFile; fileRef = 37B4040F1BA2C63000393EA0 /* AppDelegate.m */; };
		37B404161BA2C63000393EA0 /* Main.storyboard in Resources */ = {isa = PBXBuildFile; fileRef = 37B404141BA2C63000393EA0 /* Main.storyboard */; };
		37B404181BA2C63000393EA0 /* Images.xcassets in Resources */ = {isa = PBXBuildFile; fileRef = 37B404171BA2C63000393EA0 /* Images.xcassets */; };
		37B4041B1BA2C63000393EA0 /* LaunchScreen.xib in Resources */ = {isa = PBXBuildFile; fileRef = 37B404191BA2C63000393EA0 /* LaunchScreen.xib */; };
		37B404271BA2C63000393EA0 /* MagicWindowShowTests.m in Sources */ = {isa = PBXBuildFile; fileRef = 37B404261BA2C63000393EA0 /* MagicWindowShowTests.m */; };
		37E5F0C91C842BB90085B7DE /* LoginViewController2.m in Sources */ = {isa = PBXBuildFile; fileRef = 37E5F0C81C842BB90085B7DE /* LoginViewController2.m */; };
		37E5F0CC1C842FB10085B7DE /* CommonService.m in Sources */ = {isa = PBXBuildFile; fileRef = 37E5F0CB1C842FB10085B7DE /* CommonService.m */; };
		597E876B8348E403EE357AD9 /* libPods-MagicWindowShow2.a in Frameworks */ = {isa = PBXBuildFile; fileRef = AA10AAC96E437077873482D6 /* libPods-MagicWindowShow2.a */; };
		CD22FD6B1CB5FCDB00D83A19 /* SanyaViewController.m in Sources */ = {isa = PBXBuildFile; fileRef = CD22FD6A1CB5FCDB00D83A19 /* SanyaViewController.m */; };
		CD22FD6F1CB6259200D83A19 /* SanyaMapCell.xib in Resources */ = {isa = PBXBuildFile; fileRef = CD22FD6E1CB6259200D83A19 /* SanyaMapCell.xib */; };
		CD22FD721CB62D1200D83A19 /* SanyaMapCell.m in Sources */ = {isa = PBXBuildFile; fileRef = CD22FD711CB62D1200D83A19 /* SanyaMapCell.m */; };
		E33603ACF59E6235A0B784B5 /* libPods-MagicWindowShow.a in Frameworks */ = {isa = PBXBuildFile; fileRef = E831A5107C9C8EC053A6F1A2 /* libPods-MagicWindowShow.a */; };
/* End PBXBuildFile section */

/* Begin PBXContainerItemProxy section */
		379A0CF71C7EAB97007A3A8F /* PBXContainerItemProxy */ = {
			isa = PBXContainerItemProxy;
			containerPortal = 37B403FF1BA2C63000393EA0 /* Project object */;
			proxyType = 1;
			remoteGlobalIDString = 379A0CDD1C7EAB97007A3A8F;
			remoteInfo = MagicWindowShow2;
		};
		379A0D021C7EAB97007A3A8F /* PBXContainerItemProxy */ = {
			isa = PBXContainerItemProxy;
			containerPortal = 37B403FF1BA2C63000393EA0 /* Project object */;
			proxyType = 1;
			remoteGlobalIDString = 379A0CDD1C7EAB97007A3A8F;
			remoteInfo = MagicWindowShow2;
		};
		37B404211BA2C63000393EA0 /* PBXContainerItemProxy */ = {
			isa = PBXContainerItemProxy;
			containerPortal = 37B403FF1BA2C63000393EA0 /* Project object */;
			proxyType = 1;
			remoteGlobalIDString = 37B404061BA2C63000393EA0;
			remoteInfo = MagicWIndowShow;
		};
/* End PBXContainerItemProxy section */

/* Begin PBXFileReference section */
		371B35071C1A6D5800610673 /* GlobalDefine.h */ = {isa = PBXFileReference; lastKnownFileType = sourcecode.c.h; path = GlobalDefine.h; sourceTree = "<group>"; };
		3723BF551C7A08C600B25508 /* AdSupport.framework */ = {isa = PBXFileReference; lastKnownFileType = wrapper.framework; name = AdSupport.framework; path = System/Library/Frameworks/AdSupport.framework; sourceTree = SDKROOT; };
		3723BF571C7A08CF00B25508 /* CoreGraphics.framework */ = {isa = PBXFileReference; lastKnownFileType = wrapper.framework; name = CoreGraphics.framework; path = System/Library/Frameworks/CoreGraphics.framework; sourceTree = SDKROOT; };
		3723BF591C7A08D900B25508 /* CoreTelephony.framework */ = {isa = PBXFileReference; lastKnownFileType = wrapper.framework; name = CoreTelephony.framework; path = System/Library/Frameworks/CoreTelephony.framework; sourceTree = SDKROOT; };
		3723BF5B1C7A08F100B25508 /* SystemConfiguration.framework */ = {isa = PBXFileReference; lastKnownFileType = wrapper.framework; name = SystemConfiguration.framework; path = System/Library/Frameworks/SystemConfiguration.framework; sourceTree = SDKROOT; };
		3723BF5D1C7A08FB00B25508 /* CoreLocation.framework */ = {isa = PBXFileReference; lastKnownFileType = wrapper.framework; name = CoreLocation.framework; path = System/Library/Frameworks/CoreLocation.framework; sourceTree = SDKROOT; };
		3723BF5F1C7A090200B25508 /* libz.tbd */ = {isa = PBXFileReference; lastKnownFileType = "sourcecode.text-based-dylib-definition"; name = libz.tbd; path = usr/lib/libz.tbd; sourceTree = SDKROOT; };
		3723BF611C7A090E00B25508 /* libsqlite3.0.tbd */ = {isa = PBXFileReference; lastKnownFileType = "sourcecode.text-based-dylib-definition"; name = libsqlite3.0.tbd; path = usr/lib/libsqlite3.0.tbd; sourceTree = SDKROOT; };
		372DA4E01C8D926E002532C3 /* DianShangTableViewController.h */ = {isa = PBXFileReference; fileEncoding = 4; lastKnownFileType = sourcecode.c.h; path = DianShangTableViewController.h; sourceTree = "<group>"; };
		372DA4E11C8D926E002532C3 /* DianShangTableViewController.m */ = {isa = PBXFileReference; fileEncoding = 4; lastKnownFileType = sourcecode.c.objc; path = DianShangTableViewController.m; sourceTree = "<group>"; };
		373F22091C4F5CFE00C1E819 /* MagicWindowShow.entitlements */ = {isa = PBXFileReference; lastKnownFileType = text.xml; name = MagicWindowShow.entitlements; path = MagicWindowShow/MagicWindowShow.entitlements; sourceTree = SOURCE_ROOT; };
		374812A01C748B1400C6F49A /* libJASidePanels.a */ = {isa = PBXFileReference; lastKnownFileType = archive.ar; name = libJASidePanels.a; path = "Pods/../build/Debug-iphoneos/libJASidePanels.a"; sourceTree = "<group>"; };
		3779F32C1BB687AC00CD446A /* CoreFoundation.framework */ = {isa = PBXFileReference; lastKnownFileType = wrapper.framework; name = CoreFoundation.framework; path = System/Library/Frameworks/CoreFoundation.framework; sourceTree = SDKROOT; };
		3779F3361BB6880800CD446A /* ImageIO.framework */ = {isa = PBXFileReference; lastKnownFileType = wrapper.framework; name = ImageIO.framework; path = System/Library/Frameworks/ImageIO.framework; sourceTree = SDKROOT; };
		3779F3381BB6881E00CD446A /* libstdc++.tbd */ = {isa = PBXFileReference; lastKnownFileType = "sourcecode.text-based-dylib-definition"; name = "libstdc++.tbd"; path = "usr/lib/libstdc++.tbd"; sourceTree = SDKROOT; };
		3779F33A1BB6882B00CD446A /* libsqlite3.tbd */ = {isa = PBXFileReference; lastKnownFileType = "sourcecode.text-based-dylib-definition"; name = libsqlite3.tbd; path = usr/lib/libsqlite3.tbd; sourceTree = SDKROOT; };
		378DE21E1C8706B10053F169 /* CommonService.h */ = {isa = PBXFileReference; fileEncoding = 4; lastKnownFileType = sourcecode.c.h; path = CommonService.h; sourceTree = "<group>"; };
		378DE21F1C8706B10053F169 /* CommonService.m */ = {isa = PBXFileReference; fileEncoding = 4; lastKnownFileType = sourcecode.c.objc; path = CommonService.m; sourceTree = "<group>"; };
		378DE2201C8706B10053F169 /* OpenService.h */ = {isa = PBXFileReference; fileEncoding = 4; lastKnownFileType = sourcecode.c.h; path = OpenService.h; sourceTree = "<group>"; };
		378DE2211C8706B10053F169 /* OpenService.m */ = {isa = PBXFileReference; fileEncoding = 4; lastKnownFileType = sourcecode.c.objc; path = OpenService.m; sourceTree = "<group>"; };
		378DE22E1C87D8570053F169 /* ResourceService.h */ = {isa = PBXFileReference; fileEncoding = 4; lastKnownFileType = sourcecode.c.h; path = ResourceService.h; sourceTree = "<group>"; };
		378DE22F1C87D8570053F169 /* ResourceService.m */ = {isa = PBXFileReference; fileEncoding = 4; lastKnownFileType = sourcecode.c.objc; path = ResourceService.m; sourceTree = "<group>"; };
		378DE2321C880DEA0053F169 /* businessList.json */ = {isa = PBXFileReference; fileEncoding = 4; lastKnownFileType = text.json; path = businessList.json; sourceTree = "<group>"; };
		378DE2331C880DEA0053F169 /* newsList.json */ = {isa = PBXFileReference; fileEncoding = 4; lastKnownFileType = text.json; path = newsList.json; sourceTree = "<group>"; };
		378DE2341C880DEA0053F169 /* o2oList.json */ = {isa = PBXFileReference; fileEncoding = 4; lastKnownFileType = text.json; path = o2oList.json; sourceTree = "<group>"; };
		378DE2351C880DEA0053F169 /* picList.json */ = {isa = PBXFileReference; fileEncoding = 4; lastKnownFileType = text.json; path = picList.json; sourceTree = "<group>"; };
		378DE2361C880DEA0053F169 /* travelList.json */ = {isa = PBXFileReference; fileEncoding = 4; lastKnownFileType = text.json; path = travelList.json; sourceTree = "<group>"; };
		378DE23D1C8D1F0C0053F169 /* CityPickerViewController.h */ = {isa = PBXFileReference; fileEncoding = 4; lastKnownFileType = sourcecode.c.h; path = CityPickerViewController.h; sourceTree = "<group>"; };
		378DE23E1C8D1F0C0053F169 /* CityPickerViewController.m */ = {isa = PBXFileReference; fileEncoding = 4; lastKnownFileType = sourcecode.c.objc; path = CityPickerViewController.m; sourceTree = "<group>"; };
		378DE23F1C8D1F0C0053F169 /* DianShangDetailViewController.h */ = {isa = PBXFileReference; fileEncoding = 4; lastKnownFileType = sourcecode.c.h; path = DianShangDetailViewController.h; sourceTree = "<group>"; };
		378DE2401C8D1F0C0053F169 /* DianShangDetailViewController.m */ = {isa = PBXFileReference; fileEncoding = 4; lastKnownFileType = sourcecode.c.objc; path = DianShangDetailViewController.m; sourceTree = "<group>"; };
		378DE2411C8D1F0C0053F169 /* DianShangViewController.h */ = {isa = PBXFileReference; fileEncoding = 4; lastKnownFileType = sourcecode.c.h; path = DianShangViewController.h; sourceTree = "<group>"; };
		378DE2421C8D1F0C0053F169 /* DianShangViewController.m */ = {isa = PBXFileReference; fileEncoding = 4; lastKnownFileType = sourcecode.c.objc; path = DianShangViewController.m; sourceTree = "<group>"; };
		378DE2431C8D1F0C0053F169 /* HelpViewController.h */ = {isa = PBXFileReference; fileEncoding = 4; lastKnownFileType = sourcecode.c.h; path = HelpViewController.h; sourceTree = "<group>"; };
		378DE2441C8D1F0C0053F169 /* HelpViewController.m */ = {isa = PBXFileReference; fileEncoding = 4; lastKnownFileType = sourcecode.c.objc; path = HelpViewController.m; sourceTree = "<group>"; };
		378DE2451C8D1F0C0053F169 /* HomeViewController.h */ = {isa = PBXFileReference; fileEncoding = 4; lastKnownFileType = sourcecode.c.h; path = HomeViewController.h; sourceTree = "<group>"; };
		378DE2461C8D1F0C0053F169 /* HomeViewController.m */ = {isa = PBXFileReference; fileEncoding = 4; lastKnownFileType = sourcecode.c.objc; path = HomeViewController.m; sourceTree = "<group>"; };
		378DE2471C8D1F0C0053F169 /* LeftViewController.h */ = {isa = PBXFileReference; fileEncoding = 4; lastKnownFileType = sourcecode.c.h; path = LeftViewController.h; sourceTree = "<group>"; };
		378DE2481C8D1F0C0053F169 /* LeftViewController.m */ = {isa = PBXFileReference; fileEncoding = 4; lastKnownFileType = sourcecode.c.objc; path = LeftViewController.m; sourceTree = "<group>"; };
		378DE2491C8D1F0C0053F169 /* LoginViewController.h */ = {isa = PBXFileReference; fileEncoding = 4; lastKnownFileType = sourcecode.c.h; path = LoginViewController.h; sourceTree = "<group>"; };
		378DE24A1C8D1F0C0053F169 /* LoginViewController.m */ = {isa = PBXFileReference; fileEncoding = 4; lastKnownFileType = sourcecode.c.objc; path = LoginViewController.m; sourceTree = "<group>"; };
		378DE24B1C8D1F0C0053F169 /* MeViewController.h */ = {isa = PBXFileReference; fileEncoding = 4; lastKnownFileType = sourcecode.c.h; path = MeViewController.h; sourceTree = "<group>"; };
		378DE24C1C8D1F0C0053F169 /* MeViewController.m */ = {isa = PBXFileReference; fileEncoding = 4; lastKnownFileType = sourcecode.c.objc; path = MeViewController.m; sourceTree = "<group>"; };
		378DE24D1C8D1F0C0053F169 /* NewsViewController.h */ = {isa = PBXFileReference; fileEncoding = 4; lastKnownFileType = sourcecode.c.h; path = NewsViewController.h; sourceTree = "<group>"; };
		378DE24E1C8D1F0C0053F169 /* NewsViewController.m */ = {isa = PBXFileReference; fileEncoding = 4; lastKnownFileType = sourcecode.c.objc; path = NewsViewController.m; sourceTree = "<group>"; };
		378DE24F1C8D1F0C0053F169 /* O2ODetailViewController.h */ = {isa = PBXFileReference; fileEncoding = 4; lastKnownFileType = sourcecode.c.h; path = O2ODetailViewController.h; sourceTree = "<group>"; };
		378DE2501C8D1F0C0053F169 /* O2ODetailViewController.m */ = {isa = PBXFileReference; fileEncoding = 4; lastKnownFileType = sourcecode.c.objc; path = O2ODetailViewController.m; sourceTree = "<group>"; };
		378DE2511C8D1F0C0053F169 /* O2OViewController.h */ = {isa = PBXFileReference; fileEncoding = 4; lastKnownFileType = sourcecode.c.h; path = O2OViewController.h; sourceTree = "<group>"; };
		378DE2521C8D1F0C0053F169 /* O2OViewController.m */ = {isa = PBXFileReference; fileEncoding = 4; lastKnownFileType = sourcecode.c.objc; path = O2OViewController.m; sourceTree = "<group>"; };
		378DE2531C8D1F0C0053F169 /* OrderDetailsViewController.h */ = {isa = PBXFileReference; fileEncoding = 4; lastKnownFileType = sourcecode.c.h; path = OrderDetailsViewController.h; sourceTree = "<group>"; };
		378DE2541C8D1F0C0053F169 /* OrderDetailsViewController.m */ = {isa = PBXFileReference; fileEncoding = 4; lastKnownFileType = sourcecode.c.objc; path = OrderDetailsViewController.m; sourceTree = "<group>"; };
		378DE2551C8D1F0C0053F169 /* PaymentViewController.h */ = {isa = PBXFileReference; fileEncoding = 4; lastKnownFileType = sourcecode.c.h; path = PaymentViewController.h; sourceTree = "<group>"; };
		378DE2561C8D1F0C0053F169 /* PaymentViewController.m */ = {isa = PBXFileReference; fileEncoding = 4; lastKnownFileType = sourcecode.c.objc; path = PaymentViewController.m; sourceTree = "<group>"; };
		378DE2571C8D1F0C0053F169 /* PaySuccessViewController.h */ = {isa = PBXFileReference; fileEncoding = 4; lastKnownFileType = sourcecode.c.h; path = PaySuccessViewController.h; sourceTree = "<group>"; };
		378DE2581C8D1F0C0053F169 /* PaySuccessViewController.m */ = {isa = PBXFileReference; fileEncoding = 4; lastKnownFileType = sourcecode.c.objc; path = PaySuccessViewController.m; sourceTree = "<group>"; };
		378DE2591C8D1F0C0053F169 /* ShoppinglistViewController.h */ = {isa = PBXFileReference; fileEncoding = 4; lastKnownFileType = sourcecode.c.h; path = ShoppinglistViewController.h; sourceTree = "<group>"; };
		378DE25A1C8D1F0C0053F169 /* ShoppinglistViewController.m */ = {isa = PBXFileReference; fileEncoding = 4; lastKnownFileType = sourcecode.c.objc; path = ShoppinglistViewController.m; sourceTree = "<group>"; };
		378DE25B1C8D1F0C0053F169 /* TourismDetailViewController.h */ = {isa = PBXFileReference; fileEncoding = 4; lastKnownFileType = sourcecode.c.h; path = TourismDetailViewController.h; sourceTree = "<group>"; };
		378DE25C1C8D1F0C0053F169 /* TourismDetailViewController.m */ = {isa = PBXFileReference; fileEncoding = 4; lastKnownFileType = sourcecode.c.objc; path = TourismDetailViewController.m; sourceTree = "<group>"; };
		378DE25D1C8D1F0C0053F169 /* TukuViewController.h */ = {isa = PBXFileReference; fileEncoding = 4; lastKnownFileType = sourcecode.c.h; path = TukuViewController.h; sourceTree = "<group>"; };
		378DE25E1C8D1F0C0053F169 /* TukuViewController.m */ = {isa = PBXFileReference; fileEncoding = 4; lastKnownFileType = sourcecode.c.objc; path = TukuViewController.m; sourceTree = "<group>"; };
		378DE25F1C8D1F0C0053F169 /* ViewController.h */ = {isa = PBXFileReference; fileEncoding = 4; lastKnownFileType = sourcecode.c.h; path = ViewController.h; sourceTree = "<group>"; };
		378DE2601C8D1F0C0053F169 /* ViewController.m */ = {isa = PBXFileReference; fileEncoding = 4; lastKnownFileType = sourcecode.c.objc; path = ViewController.m; sourceTree = "<group>"; };
		378DE2611C8D1F0C0053F169 /* WebViewController.h */ = {isa = PBXFileReference; fileEncoding = 4; lastKnownFileType = sourcecode.c.h; path = WebViewController.h; sourceTree = "<group>"; };
		378DE2621C8D1F0C0053F169 /* WebViewController.m */ = {isa = PBXFileReference; fileEncoding = 4; lastKnownFileType = sourcecode.c.objc; path = WebViewController.m; sourceTree = "<group>"; };
		378DE2641C8D1F0C0053F169 /* BaseDomain.h */ = {isa = PBXFileReference; fileEncoding = 4; lastKnownFileType = sourcecode.c.h; path = BaseDomain.h; sourceTree = "<group>"; };
		378DE2651C8D1F0C0053F169 /* BaseDomain.m */ = {isa = PBXFileReference; fileEncoding = 4; lastKnownFileType = sourcecode.c.objc; path = BaseDomain.m; sourceTree = "<group>"; };
		378DE2661C8D1F0C0053F169 /* ShowDomain.h */ = {isa = PBXFileReference; fileEncoding = 4; lastKnownFileType = sourcecode.c.h; path = ShowDomain.h; sourceTree = "<group>"; };
		378DE2671C8D1F0C0053F169 /* ShowDomain.m */ = {isa = PBXFileReference; fileEncoding = 4; lastKnownFileType = sourcecode.c.objc; path = ShowDomain.m; sourceTree = "<group>"; };
		378DE2691C8D1F0C0053F169 /* BannerScrollCell.h */ = {isa = PBXFileReference; fileEncoding = 4; lastKnownFileType = sourcecode.c.h; path = BannerScrollCell.h; sourceTree = "<group>"; };
		378DE26A1C8D1F0C0053F169 /* BannerScrollCell.m */ = {isa = PBXFileReference; fileEncoding = 4; lastKnownFileType = sourcecode.c.objc; path = BannerScrollCell.m; sourceTree = "<group>"; };
		378DE26B1C8D1F0C0053F169 /* BannerScrollCell.xib */ = {isa = PBXFileReference; fileEncoding = 4; lastKnownFileType = file.xib; path = BannerScrollCell.xib; sourceTree = "<group>"; };
		378DE26C1C8D1F0C0053F169 /* BtnView.h */ = {isa = PBXFileReference; fileEncoding = 4; lastKnownFileType = sourcecode.c.h; path = BtnView.h; sourceTree = "<group>"; };
		378DE26D1C8D1F0C0053F169 /* BtnView.m */ = {isa = PBXFileReference; fileEncoding = 4; lastKnownFileType = sourcecode.c.objc; path = BtnView.m; sourceTree = "<group>"; };
		378DE26E1C8D1F0C0053F169 /* BtnView.xib */ = {isa = PBXFileReference; fileEncoding = 4; lastKnownFileType = file.xib; path = BtnView.xib; sourceTree = "<group>"; };
		378DE26F1C8D1F0C0053F169 /* BtnViewCell.h */ = {isa = PBXFileReference; fileEncoding = 4; lastKnownFileType = sourcecode.c.h; path = BtnViewCell.h; sourceTree = "<group>"; };
		378DE2701C8D1F0C0053F169 /* BtnViewCell.m */ = {isa = PBXFileReference; fileEncoding = 4; lastKnownFileType = sourcecode.c.objc; path = BtnViewCell.m; sourceTree = "<group>"; };
		378DE2711C8D1F0C0053F169 /* BtnViewCell.xib */ = {isa = PBXFileReference; fileEncoding = 4; lastKnownFileType = file.xib; path = BtnViewCell.xib; sourceTree = "<group>"; };
		378DE2721C8D1F0C0053F169 /* ChineseToPinyin.h */ = {isa = PBXFileReference; fileEncoding = 4; lastKnownFileType = sourcecode.c.h; path = ChineseToPinyin.h; sourceTree = "<group>"; };
		378DE2731C8D1F0C0053F169 /* ChineseToPinyin.m */ = {isa = PBXFileReference; fileEncoding = 4; lastKnownFileType = sourcecode.c.objc; path = ChineseToPinyin.m; sourceTree = "<group>"; };
		378DE2741C8D1F0C0053F169 /* DianshangHelpView.h */ = {isa = PBXFileReference; fileEncoding = 4; lastKnownFileType = sourcecode.c.h; path = DianshangHelpView.h; sourceTree = "<group>"; };
		378DE2751C8D1F0C0053F169 /* DianshangHelpView.m */ = {isa = PBXFileReference; fileEncoding = 4; lastKnownFileType = sourcecode.c.objc; path = DianshangHelpView.m; sourceTree = "<group>"; };
		378DE2761C8D1F0C0053F169 /* DianshangHelpView.xib */ = {isa = PBXFileReference; fileEncoding = 4; lastKnownFileType = file.xib; path = DianshangHelpView.xib; sourceTree = "<group>"; };
		378DE2771C8D1F0C0053F169 /* FullIamge2Cell.h */ = {isa = PBXFileReference; fileEncoding = 4; lastKnownFileType = sourcecode.c.h; path = FullIamge2Cell.h; sourceTree = "<group>"; };
		378DE2781C8D1F0C0053F169 /* FullIamge2Cell.m */ = {isa = PBXFileReference; fileEncoding = 4; lastKnownFileType = sourcecode.c.objc; path = FullIamge2Cell.m; sourceTree = "<group>"; };
		378DE2791C8D1F0C0053F169 /* FullIamge2Cell.xib */ = {isa = PBXFileReference; fileEncoding = 4; lastKnownFileType = file.xib; path = FullIamge2Cell.xib; sourceTree = "<group>"; };
		378DE27A1C8D1F0C0053F169 /* FullImageCell.h */ = {isa = PBXFileReference; fileEncoding = 4; lastKnownFileType = sourcecode.c.h; path = FullImageCell.h; sourceTree = "<group>"; };
		378DE27B1C8D1F0C0053F169 /* FullImageCell.m */ = {isa = PBXFileReference; fileEncoding = 4; lastKnownFileType = sourcecode.c.objc; path = FullImageCell.m; sourceTree = "<group>"; };
		378DE27C1C8D1F0C0053F169 /* FullImageCell.xib */ = {isa = PBXFileReference; fileEncoding = 4; lastKnownFileType = file.xib; path = FullImageCell.xib; sourceTree = "<group>"; };
		378DE27D1C8D1F0C0053F169 /* HomeHelpView.h */ = {isa = PBXFileReference; fileEncoding = 4; lastKnownFileType = sourcecode.c.h; path = HomeHelpView.h; sourceTree = "<group>"; };
		378DE27E1C8D1F0C0053F169 /* HomeHelpView.m */ = {isa = PBXFileReference; fileEncoding = 4; lastKnownFileType = sourcecode.c.objc; path = HomeHelpView.m; sourceTree = "<group>"; };
		378DE27F1C8D1F0C0053F169 /* HomeHelpView.xib */ = {isa = PBXFileReference; fileEncoding = 4; lastKnownFileType = file.xib; path = HomeHelpView.xib; sourceTree = "<group>"; };
		378DE2801C8D1F0C0053F169 /* ImageTableCell.h */ = {isa = PBXFileReference; fileEncoding = 4; lastKnownFileType = sourcecode.c.h; path = ImageTableCell.h; sourceTree = "<group>"; };
		378DE2811C8D1F0C0053F169 /* ImageTableCell.m */ = {isa = PBXFileReference; fileEncoding = 4; lastKnownFileType = sourcecode.c.objc; path = ImageTableCell.m; sourceTree = "<group>"; };
		378DE2821C8D1F0C0053F169 /* ImageTableCell.xib */ = {isa = PBXFileReference; fileEncoding = 4; lastKnownFileType = file.xib; path = ImageTableCell.xib; sourceTree = "<group>"; };
		378DE2831C8D1F0C0053F169 /* NewsCell.h */ = {isa = PBXFileReference; fileEncoding = 4; lastKnownFileType = sourcecode.c.h; path = NewsCell.h; sourceTree = "<group>"; };
		378DE2841C8D1F0C0053F169 /* NewsCell.m */ = {isa = PBXFileReference; fileEncoding = 4; lastKnownFileType = sourcecode.c.objc; path = NewsCell.m; sourceTree = "<group>"; };
		378DE2851C8D1F0C0053F169 /* NewsCell.xib */ = {isa = PBXFileReference; fileEncoding = 4; lastKnownFileType = file.xib; path = NewsCell.xib; sourceTree = "<group>"; };
		378DE2861C8D1F0C0053F169 /* O2OTableCell.h */ = {isa = PBXFileReference; fileEncoding = 4; lastKnownFileType = sourcecode.c.h; path = O2OTableCell.h; sourceTree = "<group>"; };
		378DE2871C8D1F0C0053F169 /* O2OTableCell.m */ = {isa = PBXFileReference; fileEncoding = 4; lastKnownFileType = sourcecode.c.objc; path = O2OTableCell.m; sourceTree = "<group>"; };
		378DE2881C8D1F0C0053F169 /* O2OTableCell.xib */ = {isa = PBXFileReference; fileEncoding = 4; lastKnownFileType = file.xib; path = O2OTableCell.xib; sourceTree = "<group>"; };
		378DE2891C8D1F0C0053F169 /* TourismCell.xib */ = {isa = PBXFileReference; fileEncoding = 4; lastKnownFileType = file.xib; path = TourismCell.xib; sourceTree = "<group>"; };
		378DE28A1C8D1F0C0053F169 /* TwoImageCell.h */ = {isa = PBXFileReference; fileEncoding = 4; lastKnownFileType = sourcecode.c.h; path = TwoImageCell.h; sourceTree = "<group>"; };
		378DE28B1C8D1F0C0053F169 /* TwoImageCell.m */ = {isa = PBXFileReference; fileEncoding = 4; lastKnownFileType = sourcecode.c.objc; path = TwoImageCell.m; sourceTree = "<group>"; };
		378DE28C1C8D1F0C0053F169 /* TwoImageCell.xib */ = {isa = PBXFileReference; fileEncoding = 4; lastKnownFileType = file.xib; path = TwoImageCell.xib; sourceTree = "<group>"; };
		379A0CDE1C7EAB97007A3A8F /* MagicWindowShow2.app */ = {isa = PBXFileReference; explicitFileType = wrapper.application; includeInIndex = 0; path = MagicWindowShow2.app; sourceTree = BUILT_PRODUCTS_DIR; };
		379A0CE11C7EAB97007A3A8F /* main.m */ = {isa = PBXFileReference; lastKnownFileType = sourcecode.c.objc; path = main.m; sourceTree = "<group>"; };
		379A0CE31C7EAB97007A3A8F /* AppDelegate.h */ = {isa = PBXFileReference; lastKnownFileType = sourcecode.c.h; path = AppDelegate.h; sourceTree = "<group>"; };
		379A0CE41C7EAB97007A3A8F /* AppDelegate.m */ = {isa = PBXFileReference; lastKnownFileType = sourcecode.c.objc; path = AppDelegate.m; sourceTree = "<group>"; };
		379A0CEA1C7EAB97007A3A8F /* Base */ = {isa = PBXFileReference; lastKnownFileType = file.storyboard; name = Base; path = Base.lproj/Main2.storyboard; sourceTree = "<group>"; };
		379A0CEC1C7EAB97007A3A8F /* Assets.xcassets */ = {isa = PBXFileReference; lastKnownFileType = folder.assetcatalog; path = Assets.xcassets; sourceTree = "<group>"; };
		379A0CEF1C7EAB97007A3A8F /* Base */ = {isa = PBXFileReference; lastKnownFileType = file.storyboard; name = Base; path = Base.lproj/LaunchScreen.storyboard; sourceTree = "<group>"; };
		379A0CF11C7EAB97007A3A8F /* Info.plist */ = {isa = PBXFileReference; lastKnownFileType = text.plist.xml; path = Info.plist; sourceTree = "<group>"; };
		379A0CF61C7EAB97007A3A8F /* MagicWindowShow2Tests.xctest */ = {isa = PBXFileReference; explicitFileType = wrapper.cfbundle; includeInIndex = 0; path = MagicWindowShow2Tests.xctest; sourceTree = BUILT_PRODUCTS_DIR; };
		379A0CFA1C7EAB97007A3A8F /* MagicWindowShow2Tests.m */ = {isa = PBXFileReference; lastKnownFileType = sourcecode.c.objc; path = MagicWindowShow2Tests.m; sourceTree = "<group>"; };
		379A0CFC1C7EAB97007A3A8F /* Info.plist */ = {isa = PBXFileReference; lastKnownFileType = text.plist.xml; path = Info.plist; sourceTree = "<group>"; };
		379A0D011C7EAB97007A3A8F /* MagicWindowShow2UITests.xctest */ = {isa = PBXFileReference; explicitFileType = wrapper.cfbundle; includeInIndex = 0; path = MagicWindowShow2UITests.xctest; sourceTree = BUILT_PRODUCTS_DIR; };
		379A0D051C7EAB97007A3A8F /* MagicWindowShow2UITests.m */ = {isa = PBXFileReference; lastKnownFileType = sourcecode.c.objc; path = MagicWindowShow2UITests.m; sourceTree = "<group>"; };
		379A0D071C7EAB97007A3A8F /* Info.plist */ = {isa = PBXFileReference; lastKnownFileType = text.plist.xml; path = Info.plist; sourceTree = "<group>"; };
		379A0D2F1C7ED260007A3A8F /* GoodsDetailViewController.h */ = {isa = PBXFileReference; fileEncoding = 4; lastKnownFileType = sourcecode.c.h; path = GoodsDetailViewController.h; sourceTree = "<group>"; };
		379A0D301C7ED260007A3A8F /* GoodsDetailViewController.m */ = {isa = PBXFileReference; fileEncoding = 4; lastKnownFileType = sourcecode.c.objc; path = GoodsDetailViewController.m; sourceTree = "<group>"; };
		379A0D351C7FF5B6007A3A8F /* CityList.plist */ = {isa = PBXFileReference; fileEncoding = 4; lastKnownFileType = text.plist.xml; name = CityList.plist; path = MagicWindowShow/CityList.plist; sourceTree = SOURCE_ROOT; };
		37B21C771C7471FB00C85C5C /* libSDWebImage.a */ = {isa = PBXFileReference; lastKnownFileType = archive.ar; name = libSDWebImage.a; path = "Pods/../build/Debug-iphoneos/libSDWebImage.a"; sourceTree = "<group>"; };
		37B404071BA2C63000393EA0 /* MagicWindowShow.app */ = {isa = PBXFileReference; explicitFileType = wrapper.application; includeInIndex = 0; path = MagicWindowShow.app; sourceTree = BUILT_PRODUCTS_DIR; };
		37B4040B1BA2C63000393EA0 /* Info.plist */ = {isa = PBXFileReference; lastKnownFileType = text.plist.xml; path = Info.plist; sourceTree = "<group>"; };
		37B4040C1BA2C63000393EA0 /* main.m */ = {isa = PBXFileReference; lastKnownFileType = sourcecode.c.objc; path = main.m; sourceTree = "<group>"; };
		37B4040E1BA2C63000393EA0 /* AppDelegate.h */ = {isa = PBXFileReference; lastKnownFileType = sourcecode.c.h; path = AppDelegate.h; sourceTree = "<group>"; };
		37B4040F1BA2C63000393EA0 /* AppDelegate.m */ = {isa = PBXFileReference; lastKnownFileType = sourcecode.c.objc; path = AppDelegate.m; sourceTree = "<group>"; };
		37B404151BA2C63000393EA0 /* Base */ = {isa = PBXFileReference; lastKnownFileType = file.storyboard; name = Base; path = Base.lproj/Main.storyboard; sourceTree = "<group>"; };
		37B404171BA2C63000393EA0 /* Images.xcassets */ = {isa = PBXFileReference; lastKnownFileType = folder.assetcatalog; path = Images.xcassets; sourceTree = "<group>"; };
		37B4041A1BA2C63000393EA0 /* Base */ = {isa = PBXFileReference; lastKnownFileType = file.xib; name = Base; path = Base.lproj/LaunchScreen.xib; sourceTree = "<group>"; };
		37B404201BA2C63000393EA0 /* MagicWindowShow.xctest */ = {isa = PBXFileReference; explicitFileType = wrapper.cfbundle; includeInIndex = 0; path = MagicWindowShow.xctest; sourceTree = BUILT_PRODUCTS_DIR; };
		37B404251BA2C63000393EA0 /* Info.plist */ = {isa = PBXFileReference; lastKnownFileType = text.plist.xml; path = Info.plist; sourceTree = "<group>"; };
		37B404261BA2C63000393EA0 /* MagicWindowShowTests.m */ = {isa = PBXFileReference; lastKnownFileType = sourcecode.c.objc; path = MagicWindowShowTests.m; sourceTree = "<group>"; };
		37E5F0C71C842BB90085B7DE /* LoginViewController2.h */ = {isa = PBXFileReference; fileEncoding = 4; lastKnownFileType = sourcecode.c.h; path = LoginViewController2.h; sourceTree = "<group>"; };
		37E5F0C81C842BB90085B7DE /* LoginViewController2.m */ = {isa = PBXFileReference; fileEncoding = 4; lastKnownFileType = sourcecode.c.objc; path = LoginViewController2.m; sourceTree = "<group>"; };
		37E5F0CA1C842FB10085B7DE /* CommonService.h */ = {isa = PBXFileReference; fileEncoding = 4; lastKnownFileType = sourcecode.c.h; path = CommonService.h; sourceTree = "<group>"; };
		37E5F0CB1C842FB10085B7DE /* CommonService.m */ = {isa = PBXFileReference; fileEncoding = 4; lastKnownFileType = sourcecode.c.objc; path = CommonService.m; sourceTree = "<group>"; };
		37E5F0D71C84445D0085B7DE /* GlobalDefine.h */ = {isa = PBXFileReference; fileEncoding = 4; lastKnownFileType = sourcecode.c.h; path = GlobalDefine.h; sourceTree = "<group>"; };
		37E5F0D81C845BB80085B7DE /* MagicWindowShow2.entitlements */ = {isa = PBXFileReference; lastKnownFileType = text.xml; path = MagicWindowShow2.entitlements; sourceTree = "<group>"; };
		560F193E5385C4125A190BE2 /* Pods-MagicWindowShow.debug.xcconfig */ = {isa = PBXFileReference; includeInIndex = 1; lastKnownFileType = text.xcconfig; name = "Pods-MagicWindowShow.debug.xcconfig"; path = "Pods/Target Support Files/Pods-MagicWindowShow/Pods-MagicWindowShow.debug.xcconfig"; sourceTree = "<group>"; };
		79C3ADF3DF978936E7AEE235 /* Pods-MagicWindowShow2.release.xcconfig */ = {isa = PBXFileReference; includeInIndex = 1; lastKnownFileType = text.xcconfig; name = "Pods-MagicWindowShow2.release.xcconfig"; path = "Pods/Target Support Files/Pods-MagicWindowShow2/Pods-MagicWindowShow2.release.xcconfig"; sourceTree = "<group>"; };
		AA10AAC96E437077873482D6 /* libPods-MagicWindowShow2.a */ = {isa = PBXFileReference; explicitFileType = archive.ar; includeInIndex = 0; path = "libPods-MagicWindowShow2.a"; sourceTree = BUILT_PRODUCTS_DIR; };
		CD22FD691CB5FCDB00D83A19 /* SanyaViewController.h */ = {isa = PBXFileReference; fileEncoding = 4; lastKnownFileType = sourcecode.c.h; path = SanyaViewController.h; sourceTree = "<group>"; };
		CD22FD6A1CB5FCDB00D83A19 /* SanyaViewController.m */ = {isa = PBXFileReference; fileEncoding = 4; lastKnownFileType = sourcecode.c.objc; path = SanyaViewController.m; sourceTree = "<group>"; };
		CD22FD6E1CB6259200D83A19 /* SanyaMapCell.xib */ = {isa = PBXFileReference; fileEncoding = 4; lastKnownFileType = file.xib; path = SanyaMapCell.xib; sourceTree = "<group>"; };
		CD22FD701CB62D1200D83A19 /* SanyaMapCell.h */ = {isa = PBXFileReference; fileEncoding = 4; lastKnownFileType = sourcecode.c.h; path = SanyaMapCell.h; sourceTree = "<group>"; };
		CD22FD711CB62D1200D83A19 /* SanyaMapCell.m */ = {isa = PBXFileReference; fileEncoding = 4; lastKnownFileType = sourcecode.c.objc; path = SanyaMapCell.m; sourceTree = "<group>"; };
		E831A5107C9C8EC053A6F1A2 /* libPods-MagicWindowShow.a */ = {isa = PBXFileReference; explicitFileType = archive.ar; includeInIndex = 0; path = "libPods-MagicWindowShow.a"; sourceTree = BUILT_PRODUCTS_DIR; };
		F27E35DF021E287E04920738 /* Pods-MagicWindowShow.release.xcconfig */ = {isa = PBXFileReference; includeInIndex = 1; lastKnownFileType = text.xcconfig; name = "Pods-MagicWindowShow.release.xcconfig"; path = "Pods/Target Support Files/Pods-MagicWindowShow/Pods-MagicWindowShow.release.xcconfig"; sourceTree = "<group>"; };
		FCB9A29B6085CC59BF10E48A /* Pods-MagicWindowShow2.debug.xcconfig */ = {isa = PBXFileReference; includeInIndex = 1; lastKnownFileType = text.xcconfig; name = "Pods-MagicWindowShow2.debug.xcconfig"; path = "Pods/Target Support Files/Pods-MagicWindowShow2/Pods-MagicWindowShow2.debug.xcconfig"; sourceTree = "<group>"; };
/* End PBXFileReference section */

/* Begin PBXFrameworksBuildPhase section */
		379A0CDB1C7EAB97007A3A8F /* Frameworks */ = {
			isa = PBXFrameworksBuildPhase;
			buildActionMask = 2147483647;
			files = (
				597E876B8348E403EE357AD9 /* libPods-MagicWindowShow2.a in Frameworks */,
			);
			runOnlyForDeploymentPostprocessing = 0;
		};
		379A0CF31C7EAB97007A3A8F /* Frameworks */ = {
			isa = PBXFrameworksBuildPhase;
			buildActionMask = 2147483647;
			files = (
			);
			runOnlyForDeploymentPostprocessing = 0;
		};
		379A0CFE1C7EAB97007A3A8F /* Frameworks */ = {
			isa = PBXFrameworksBuildPhase;
			buildActionMask = 2147483647;
			files = (
			);
			runOnlyForDeploymentPostprocessing = 0;
		};
		37B404041BA2C63000393EA0 /* Frameworks */ = {
			isa = PBXFrameworksBuildPhase;
			buildActionMask = 2147483647;
			files = (
				374812A11C748B1400C6F49A /* libJASidePanels.a in Frameworks */,
				37B21C781C7471FB00C85C5C /* libSDWebImage.a in Frameworks */,
				3779F33B1BB6882B00CD446A /* libsqlite3.tbd in Frameworks */,
				3779F3391BB6881E00CD446A /* libstdc++.tbd in Frameworks */,
				E33603ACF59E6235A0B784B5 /* libPods-MagicWindowShow.a in Frameworks */,
			);
			runOnlyForDeploymentPostprocessing = 0;
		};
		37B4041D1BA2C63000393EA0 /* Frameworks */ = {
			isa = PBXFrameworksBuildPhase;
			buildActionMask = 2147483647;
			files = (
			);
			runOnlyForDeploymentPostprocessing = 0;
		};
/* End PBXFrameworksBuildPhase section */

/* Begin PBXGroup section */
		0477D39ADEFF1091CF935AED /* Frameworks */ = {
			isa = PBXGroup;
			children = (
				3723BF611C7A090E00B25508 /* libsqlite3.0.tbd */,
				3723BF5F1C7A090200B25508 /* libz.tbd */,
				3723BF5D1C7A08FB00B25508 /* CoreLocation.framework */,
				3723BF5B1C7A08F100B25508 /* SystemConfiguration.framework */,
				3723BF591C7A08D900B25508 /* CoreTelephony.framework */,
				3723BF571C7A08CF00B25508 /* CoreGraphics.framework */,
				3723BF551C7A08C600B25508 /* AdSupport.framework */,
				374812A01C748B1400C6F49A /* libJASidePanels.a */,
				37B21C771C7471FB00C85C5C /* libSDWebImage.a */,
				E831A5107C9C8EC053A6F1A2 /* libPods-MagicWindowShow.a */,
				AA10AAC96E437077873482D6 /* libPods-MagicWindowShow2.a */,
			);
			name = Frameworks;
			sourceTree = "<group>";
		};
		3779F33D1BB68F5200CD446A /* framework */ = {
			isa = PBXGroup;
			children = (
				3779F33A1BB6882B00CD446A /* libsqlite3.tbd */,
				3779F3381BB6881E00CD446A /* libstdc++.tbd */,
				3779F3361BB6880800CD446A /* ImageIO.framework */,
				3779F32C1BB687AC00CD446A /* CoreFoundation.framework */,
			);
			name = framework;
			sourceTree = "<group>";
		};
		378DE21D1C8706B10053F169 /* Service */ = {
			isa = PBXGroup;
			children = (
				378DE21E1C8706B10053F169 /* CommonService.h */,
				378DE21F1C8706B10053F169 /* CommonService.m */,
				378DE2201C8706B10053F169 /* OpenService.h */,
				378DE2211C8706B10053F169 /* OpenService.m */,
				378DE22E1C87D8570053F169 /* ResourceService.h */,
				378DE22F1C87D8570053F169 /* ResourceService.m */,
			);
			name = Service;
			path = MagicWindowShow/Service;
			sourceTree = SOURCE_ROOT;
		};
		378DE2311C880DEA0053F169 /* json */ = {
			isa = PBXGroup;
			children = (
				378DE2321C880DEA0053F169 /* businessList.json */,
				378DE2331C880DEA0053F169 /* newsList.json */,
				378DE2341C880DEA0053F169 /* o2oList.json */,
				378DE2351C880DEA0053F169 /* picList.json */,
				378DE2361C880DEA0053F169 /* travelList.json */,
			);
			name = json;
			path = MagicWindowShow/json;
			sourceTree = SOURCE_ROOT;
		};
		378DE23C1C8D1F0C0053F169 /* controller */ = {
			isa = PBXGroup;
			children = (
				378DE25F1C8D1F0C0053F169 /* ViewController.h */,
				378DE2601C8D1F0C0053F169 /* ViewController.m */,
				378DE2471C8D1F0C0053F169 /* LeftViewController.h */,
				378DE2481C8D1F0C0053F169 /* LeftViewController.m */,
				378DE2491C8D1F0C0053F169 /* LoginViewController.h */,
				378DE24A1C8D1F0C0053F169 /* LoginViewController.m */,
				378DE2451C8D1F0C0053F169 /* HomeViewController.h */,
				378DE2461C8D1F0C0053F169 /* HomeViewController.m */,
				378DE25B1C8D1F0C0053F169 /* TourismDetailViewController.h */,
				378DE25C1C8D1F0C0053F169 /* TourismDetailViewController.m */,
				378DE23D1C8D1F0C0053F169 /* CityPickerViewController.h */,
				378DE23E1C8D1F0C0053F169 /* CityPickerViewController.m */,
				378DE23F1C8D1F0C0053F169 /* DianShangDetailViewController.h */,
				378DE2401C8D1F0C0053F169 /* DianShangDetailViewController.m */,
				378DE2411C8D1F0C0053F169 /* DianShangViewController.h */,
				378DE2421C8D1F0C0053F169 /* DianShangViewController.m */,
				378DE2531C8D1F0C0053F169 /* OrderDetailsViewController.h */,
				378DE2541C8D1F0C0053F169 /* OrderDetailsViewController.m */,
				378DE2551C8D1F0C0053F169 /* PaymentViewController.h */,
				378DE2561C8D1F0C0053F169 /* PaymentViewController.m */,
				378DE2571C8D1F0C0053F169 /* PaySuccessViewController.h */,
				378DE2581C8D1F0C0053F169 /* PaySuccessViewController.m */,
				378DE2591C8D1F0C0053F169 /* ShoppinglistViewController.h */,
				378DE25A1C8D1F0C0053F169 /* ShoppinglistViewController.m */,
				378DE2431C8D1F0C0053F169 /* HelpViewController.h */,
				378DE2441C8D1F0C0053F169 /* HelpViewController.m */,
				378DE24B1C8D1F0C0053F169 /* MeViewController.h */,
				378DE24C1C8D1F0C0053F169 /* MeViewController.m */,
				378DE24D1C8D1F0C0053F169 /* NewsViewController.h */,
				378DE24E1C8D1F0C0053F169 /* NewsViewController.m */,
				378DE24F1C8D1F0C0053F169 /* O2ODetailViewController.h */,
				378DE2501C8D1F0C0053F169 /* O2ODetailViewController.m */,
				378DE2511C8D1F0C0053F169 /* O2OViewController.h */,
				378DE2521C8D1F0C0053F169 /* O2OViewController.m */,
				378DE25D1C8D1F0C0053F169 /* TukuViewController.h */,
				378DE25E1C8D1F0C0053F169 /* TukuViewController.m */,
				378DE2611C8D1F0C0053F169 /* WebViewController.h */,
				378DE2621C8D1F0C0053F169 /* WebViewController.m */,
				CD22FD691CB5FCDB00D83A19 /* SanyaViewController.h */,
				CD22FD6A1CB5FCDB00D83A19 /* SanyaViewController.m */,
			);
			name = controller;
			path = MagicWindowShow/controller;
			sourceTree = SOURCE_ROOT;
		};
		378DE2631C8D1F0C0053F169 /* Domain */ = {
			isa = PBXGroup;
			children = (
				378DE2641C8D1F0C0053F169 /* BaseDomain.h */,
				378DE2651C8D1F0C0053F169 /* BaseDomain.m */,
				378DE2661C8D1F0C0053F169 /* ShowDomain.h */,
				378DE2671C8D1F0C0053F169 /* ShowDomain.m */,
			);
			name = Domain;
			path = MagicWindowShow/Domain;
			sourceTree = SOURCE_ROOT;
		};
		378DE2681C8D1F0C0053F169 /* view */ = {
			isa = PBXGroup;
			children = (
				378DE2691C8D1F0C0053F169 /* BannerScrollCell.h */,
				378DE26A1C8D1F0C0053F169 /* BannerScrollCell.m */,
				378DE26B1C8D1F0C0053F169 /* BannerScrollCell.xib */,
				378DE26C1C8D1F0C0053F169 /* BtnView.h */,
				378DE26D1C8D1F0C0053F169 /* BtnView.m */,
				378DE26E1C8D1F0C0053F169 /* BtnView.xib */,
				378DE26F1C8D1F0C0053F169 /* BtnViewCell.h */,
				378DE2701C8D1F0C0053F169 /* BtnViewCell.m */,
				378DE2711C8D1F0C0053F169 /* BtnViewCell.xib */,
				378DE2721C8D1F0C0053F169 /* ChineseToPinyin.h */,
				378DE2731C8D1F0C0053F169 /* ChineseToPinyin.m */,
				378DE2741C8D1F0C0053F169 /* DianshangHelpView.h */,
				378DE2751C8D1F0C0053F169 /* DianshangHelpView.m */,
				378DE2761C8D1F0C0053F169 /* DianshangHelpView.xib */,
				378DE2771C8D1F0C0053F169 /* FullIamge2Cell.h */,
				378DE2781C8D1F0C0053F169 /* FullIamge2Cell.m */,
				378DE2791C8D1F0C0053F169 /* FullIamge2Cell.xib */,
				378DE27A1C8D1F0C0053F169 /* FullImageCell.h */,
				378DE27B1C8D1F0C0053F169 /* FullImageCell.m */,
				378DE27C1C8D1F0C0053F169 /* FullImageCell.xib */,
				378DE27D1C8D1F0C0053F169 /* HomeHelpView.h */,
				378DE27E1C8D1F0C0053F169 /* HomeHelpView.m */,
				378DE27F1C8D1F0C0053F169 /* HomeHelpView.xib */,
				378DE2801C8D1F0C0053F169 /* ImageTableCell.h */,
				378DE2811C8D1F0C0053F169 /* ImageTableCell.m */,
				378DE2821C8D1F0C0053F169 /* ImageTableCell.xib */,
				378DE2831C8D1F0C0053F169 /* NewsCell.h */,
				378DE2841C8D1F0C0053F169 /* NewsCell.m */,
				378DE2851C8D1F0C0053F169 /* NewsCell.xib */,
				378DE2861C8D1F0C0053F169 /* O2OTableCell.h */,
				378DE2871C8D1F0C0053F169 /* O2OTableCell.m */,
				378DE2881C8D1F0C0053F169 /* O2OTableCell.xib */,
				378DE2891C8D1F0C0053F169 /* TourismCell.xib */,
				378DE28A1C8D1F0C0053F169 /* TwoImageCell.h */,
				378DE28B1C8D1F0C0053F169 /* TwoImageCell.m */,
				378DE28C1C8D1F0C0053F169 /* TwoImageCell.xib */,
				CD22FD701CB62D1200D83A19 /* SanyaMapCell.h */,
				CD22FD711CB62D1200D83A19 /* SanyaMapCell.m */,
				CD22FD6E1CB6259200D83A19 /* SanyaMapCell.xib */,
			);
			name = view;
			path = MagicWindowShow/view;
			sourceTree = SOURCE_ROOT;
		};
		379A0CDF1C7EAB97007A3A8F /* MagicWindowShow2 */ = {
			isa = PBXGroup;
			children = (
				37E5F0D81C845BB80085B7DE /* MagicWindowShow2.entitlements */,
				379A0D111C7EB169007A3A8F /* controller */,
				379A0CE31C7EAB97007A3A8F /* AppDelegate.h */,
				379A0CE41C7EAB97007A3A8F /* AppDelegate.m */,
				37E5F0D71C84445D0085B7DE /* GlobalDefine.h */,
				37E5F0CA1C842FB10085B7DE /* CommonService.h */,
				37E5F0CB1C842FB10085B7DE /* CommonService.m */,
				379A0CE91C7EAB97007A3A8F /* Main2.storyboard */,
				379A0CEC1C7EAB97007A3A8F /* Assets.xcassets */,
				379A0CEE1C7EAB97007A3A8F /* LaunchScreen.storyboard */,
				379A0CF11C7EAB97007A3A8F /* Info.plist */,
				379A0CE01C7EAB97007A3A8F /* Supporting Files */,
			);
			path = MagicWindowShow2;
			sourceTree = "<group>";
		};
		379A0CE01C7EAB97007A3A8F /* Supporting Files */ = {
			isa = PBXGroup;
			children = (
				379A0CE11C7EAB97007A3A8F /* main.m */,
			);
			name = "Supporting Files";
			sourceTree = "<group>";
		};
		379A0CF91C7EAB97007A3A8F /* MagicWindowShow2Tests */ = {
			isa = PBXGroup;
			children = (
				379A0CFA1C7EAB97007A3A8F /* MagicWindowShow2Tests.m */,
				379A0CFC1C7EAB97007A3A8F /* Info.plist */,
			);
			path = MagicWindowShow2Tests;
			sourceTree = "<group>";
		};
		379A0D041C7EAB97007A3A8F /* MagicWindowShow2UITests */ = {
			isa = PBXGroup;
			children = (
				379A0D051C7EAB97007A3A8F /* MagicWindowShow2UITests.m */,
				379A0D071C7EAB97007A3A8F /* Info.plist */,
			);
			path = MagicWindowShow2UITests;
			sourceTree = "<group>";
		};
		379A0D111C7EB169007A3A8F /* controller */ = {
			isa = PBXGroup;
			children = (
				372DA4E01C8D926E002532C3 /* DianShangTableViewController.h */,
				372DA4E11C8D926E002532C3 /* DianShangTableViewController.m */,
				379A0D2F1C7ED260007A3A8F /* GoodsDetailViewController.h */,
				379A0D301C7ED260007A3A8F /* GoodsDetailViewController.m */,
				37E5F0C71C842BB90085B7DE /* LoginViewController2.h */,
				37E5F0C81C842BB90085B7DE /* LoginViewController2.m */,
			);
			path = controller;
			sourceTree = "<group>";
		};
		37B403FE1BA2C63000393EA0 = {
			isa = PBXGroup;
			children = (
				3779F33D1BB68F5200CD446A /* framework */,
				37B404091BA2C63000393EA0 /* MagicWindowShow */,
				37B404231BA2C63000393EA0 /* MagicWindowShowTests */,
				379A0CDF1C7EAB97007A3A8F /* MagicWindowShow2 */,
				379A0CF91C7EAB97007A3A8F /* MagicWindowShow2Tests */,
				379A0D041C7EAB97007A3A8F /* MagicWindowShow2UITests */,
				37B404081BA2C63000393EA0 /* Products */,
				8F3B1F57CA819C70250CC5C4 /* Pods */,
				0477D39ADEFF1091CF935AED /* Frameworks */,
			);
			sourceTree = "<group>";
		};
		37B404081BA2C63000393EA0 /* Products */ = {
			isa = PBXGroup;
			children = (
				37B404071BA2C63000393EA0 /* MagicWindowShow.app */,
				37B404201BA2C63000393EA0 /* MagicWindowShow.xctest */,
				379A0CDE1C7EAB97007A3A8F /* MagicWindowShow2.app */,
				379A0CF61C7EAB97007A3A8F /* MagicWindowShow2Tests.xctest */,
				379A0D011C7EAB97007A3A8F /* MagicWindowShow2UITests.xctest */,
			);
			name = Products;
			sourceTree = "<group>";
		};
		37B404091BA2C63000393EA0 /* MagicWindowShow */ = {
			isa = PBXGroup;
			children = (
				378DE23C1C8D1F0C0053F169 /* controller */,
				378DE2631C8D1F0C0053F169 /* Domain */,
				378DE2681C8D1F0C0053F169 /* view */,
				378DE2311C880DEA0053F169 /* json */,
				378DE21D1C8706B10053F169 /* Service */,
				373F22091C4F5CFE00C1E819 /* MagicWindowShow.entitlements */,
				37B4040E1BA2C63000393EA0 /* AppDelegate.h */,
				37B4040F1BA2C63000393EA0 /* AppDelegate.m */,
				371B35071C1A6D5800610673 /* GlobalDefine.h */,
				379A0D351C7FF5B6007A3A8F /* CityList.plist */,
				37B404141BA2C63000393EA0 /* Main.storyboard */,
				37B404171BA2C63000393EA0 /* Images.xcassets */,
				37B404191BA2C63000393EA0 /* LaunchScreen.xib */,
				37B4040A1BA2C63000393EA0 /* Supporting Files */,
			);
			name = MagicWindowShow;
			path = MagicWIndowShow;
			sourceTree = "<group>";
		};
		37B4040A1BA2C63000393EA0 /* Supporting Files */ = {
			isa = PBXGroup;
			children = (
				37B4040B1BA2C63000393EA0 /* Info.plist */,
				37B4040C1BA2C63000393EA0 /* main.m */,
			);
			name = "Supporting Files";
			sourceTree = "<group>";
		};
		37B404231BA2C63000393EA0 /* MagicWindowShowTests */ = {
			isa = PBXGroup;
			children = (
				37B404261BA2C63000393EA0 /* MagicWindowShowTests.m */,
				37B404241BA2C63000393EA0 /* Supporting Files */,
			);
			name = MagicWindowShowTests;
			path = MagicWIndowShowTests;
			sourceTree = "<group>";
		};
		37B404241BA2C63000393EA0 /* Supporting Files */ = {
			isa = PBXGroup;
			children = (
				37B404251BA2C63000393EA0 /* Info.plist */,
			);
			name = "Supporting Files";
			sourceTree = "<group>";
		};
		8F3B1F57CA819C70250CC5C4 /* Pods */ = {
			isa = PBXGroup;
			children = (
				560F193E5385C4125A190BE2 /* Pods-MagicWindowShow.debug.xcconfig */,
				F27E35DF021E287E04920738 /* Pods-MagicWindowShow.release.xcconfig */,
				FCB9A29B6085CC59BF10E48A /* Pods-MagicWindowShow2.debug.xcconfig */,
				79C3ADF3DF978936E7AEE235 /* Pods-MagicWindowShow2.release.xcconfig */,
			);
			name = Pods;
			sourceTree = "<group>";
		};
/* End PBXGroup section */

/* Begin PBXNativeTarget section */
		379A0CDD1C7EAB97007A3A8F /* MagicWindowShow2 */ = {
			isa = PBXNativeTarget;
			buildConfigurationList = 379A0D0E1C7EAB97007A3A8F /* Build configuration list for PBXNativeTarget "MagicWindowShow2" */;
			buildPhases = (
				8A704CA91599DCE97EEB76EA /* Check Pods Manifest.lock */,
				379A0CDA1C7EAB97007A3A8F /* Sources */,
				379A0CDB1C7EAB97007A3A8F /* Frameworks */,
				379A0CDC1C7EAB97007A3A8F /* Resources */,
				C27352E859B09B9C756E1639 /* Embed Pods Frameworks */,
				F8938C5199487752CE32F49D /* Copy Pods Resources */,
			);
			buildRules = (
			);
			dependencies = (
			);
			name = MagicWindowShow2;
			productName = MagicWindowShow2;
			productReference = 379A0CDE1C7EAB97007A3A8F /* MagicWindowShow2.app */;
			productType = "com.apple.product-type.application";
		};
		379A0CF51C7EAB97007A3A8F /* MagicWindowShow2Tests */ = {
			isa = PBXNativeTarget;
			buildConfigurationList = 379A0D0F1C7EAB97007A3A8F /* Build configuration list for PBXNativeTarget "MagicWindowShow2Tests" */;
			buildPhases = (
				379A0CF21C7EAB97007A3A8F /* Sources */,
				379A0CF31C7EAB97007A3A8F /* Frameworks */,
				379A0CF41C7EAB97007A3A8F /* Resources */,
			);
			buildRules = (
			);
			dependencies = (
				379A0CF81C7EAB97007A3A8F /* PBXTargetDependency */,
			);
			name = MagicWindowShow2Tests;
			productName = MagicWindowShow2Tests;
			productReference = 379A0CF61C7EAB97007A3A8F /* MagicWindowShow2Tests.xctest */;
			productType = "com.apple.product-type.bundle.unit-test";
		};
		379A0D001C7EAB97007A3A8F /* MagicWindowShow2UITests */ = {
			isa = PBXNativeTarget;
			buildConfigurationList = 379A0D101C7EAB97007A3A8F /* Build configuration list for PBXNativeTarget "MagicWindowShow2UITests" */;
			buildPhases = (
				379A0CFD1C7EAB97007A3A8F /* Sources */,
				379A0CFE1C7EAB97007A3A8F /* Frameworks */,
				379A0CFF1C7EAB97007A3A8F /* Resources */,
			);
			buildRules = (
			);
			dependencies = (
				379A0D031C7EAB97007A3A8F /* PBXTargetDependency */,
			);
			name = MagicWindowShow2UITests;
			productName = MagicWindowShow2UITests;
			productReference = 379A0D011C7EAB97007A3A8F /* MagicWindowShow2UITests.xctest */;
			productType = "com.apple.product-type.bundle.ui-testing";
		};
		37B404061BA2C63000393EA0 /* MagicWindowShow */ = {
			isa = PBXNativeTarget;
			buildConfigurationList = 37B4042A1BA2C63000393EA0 /* Build configuration list for PBXNativeTarget "MagicWindowShow" */;
			buildPhases = (
				B4ECDF304FAD84567A4BE921 /* Check Pods Manifest.lock */,
				37B404031BA2C63000393EA0 /* Sources */,
				37B404041BA2C63000393EA0 /* Frameworks */,
				37B404051BA2C63000393EA0 /* Resources */,
				FF7B3B843899B786992608BB /* Embed Pods Frameworks */,
				C293D4D5CE59B5C0D3FA29AF /* Copy Pods Resources */,
			);
			buildRules = (
			);
			dependencies = (
			);
			name = MagicWindowShow;
			productName = MagicWIndowShow;
			productReference = 37B404071BA2C63000393EA0 /* MagicWindowShow.app */;
			productType = "com.apple.product-type.application";
		};
		37B4041F1BA2C63000393EA0 /* MagicWindowShowTests */ = {
			isa = PBXNativeTarget;
			buildConfigurationList = 37B4042D1BA2C63000393EA0 /* Build configuration list for PBXNativeTarget "MagicWindowShowTests" */;
			buildPhases = (
				37B4041C1BA2C63000393EA0 /* Sources */,
				37B4041D1BA2C63000393EA0 /* Frameworks */,
				37B4041E1BA2C63000393EA0 /* Resources */,
			);
			buildRules = (
			);
			dependencies = (
				37B404221BA2C63000393EA0 /* PBXTargetDependency */,
			);
			name = MagicWindowShowTests;
			productName = MagicWIndowShowTests;
			productReference = 37B404201BA2C63000393EA0 /* MagicWindowShow.xctest */;
			productType = "com.apple.product-type.bundle.unit-test";
		};
/* End PBXNativeTarget section */

/* Begin PBXProject section */
		37B403FF1BA2C63000393EA0 /* Project object */ = {
			isa = PBXProject;
			attributes = {
				LastUpgradeCheck = 0640;
				ORGANIZATIONNAME = cafei;
				TargetAttributes = {
					379A0CDD1C7EAB97007A3A8F = {
						CreatedOnToolsVersion = 7.2.1;
						DevelopmentTeam = LVB5NG7NJ5;
						SystemCapabilities = {
							com.apple.SafariKeychain = {
								enabled = 1;
							};
						};
					};
					379A0CF51C7EAB97007A3A8F = {
						CreatedOnToolsVersion = 7.2.1;
						TestTargetID = 379A0CDD1C7EAB97007A3A8F;
					};
					379A0D001C7EAB97007A3A8F = {
						CreatedOnToolsVersion = 7.2.1;
						TestTargetID = 379A0CDD1C7EAB97007A3A8F;
					};
					37B404061BA2C63000393EA0 = {
						CreatedOnToolsVersion = 6.4;
						DevelopmentTeam = LVB5NG7NJ5;
						SystemCapabilities = {
							com.apple.SafariKeychain = {
								enabled = 1;
							};
						};
					};
					37B4041F1BA2C63000393EA0 = {
						CreatedOnToolsVersion = 6.4;
						TestTargetID = 37B404061BA2C63000393EA0;
					};
				};
			};
			buildConfigurationList = 37B404021BA2C63000393EA0 /* Build configuration list for PBXProject "MagicWindowShow" */;
			compatibilityVersion = "Xcode 3.2";
			developmentRegion = English;
			hasScannedForEncodings = 0;
			knownRegions = (
				en,
				Base,
			);
			mainGroup = 37B403FE1BA2C63000393EA0;
			productRefGroup = 37B404081BA2C63000393EA0 /* Products */;
			projectDirPath = "";
			projectRoot = "";
			targets = (
				37B404061BA2C63000393EA0 /* MagicWindowShow */,
				37B4041F1BA2C63000393EA0 /* MagicWindowShowTests */,
				379A0CDD1C7EAB97007A3A8F /* MagicWindowShow2 */,
				379A0CF51C7EAB97007A3A8F /* MagicWindowShow2Tests */,
				379A0D001C7EAB97007A3A8F /* MagicWindowShow2UITests */,
			);
		};
/* End PBXProject section */

/* Begin PBXResourcesBuildPhase section */
		379A0CDC1C7EAB97007A3A8F /* Resources */ = {
			isa = PBXResourcesBuildPhase;
			buildActionMask = 2147483647;
			files = (
				379A0CF01C7EAB97007A3A8F /* LaunchScreen.storyboard in Resources */,
				378DE2BE1C8D213E0053F169 /* BtnView.xib in Resources */,
				378DE2BC1C8D21260053F169 /* BannerScrollCell.xib in Resources */,
				379A0CED1C7EAB97007A3A8F /* Assets.xcassets in Resources */,
				378DE2BA1C8D210A0053F169 /* ImageTableCell.xib in Resources */,
				379A0CEB1C7EAB97007A3A8F /* Main2.storyboard in Resources */,
				378DE2C11C8D21620053F169 /* FullIamge2Cell.xib in Resources */,
				378DE2C31C8D21730053F169 /* BtnViewCell.xib in Resources */,
			);
			runOnlyForDeploymentPostprocessing = 0;
		};
		379A0CF41C7EAB97007A3A8F /* Resources */ = {
			isa = PBXResourcesBuildPhase;
			buildActionMask = 2147483647;
			files = (
			);
			runOnlyForDeploymentPostprocessing = 0;
		};
		379A0CFF1C7EAB97007A3A8F /* Resources */ = {
			isa = PBXResourcesBuildPhase;
			buildActionMask = 2147483647;
			files = (
			);
			runOnlyForDeploymentPostprocessing = 0;
		};
		37B404051BA2C63000393EA0 /* Resources */ = {
			isa = PBXResourcesBuildPhase;
			buildActionMask = 2147483647;
			files = (
				378DE23A1C880DEA0053F169 /* picList.json in Resources */,
				37B404161BA2C63000393EA0 /* Main.storyboard in Resources */,
				378DE2B91C8D1F0C0053F169 /* TwoImageCell.xib in Resources */,
				378DE2A51C8D1F0C0053F169 /* BtnView.xib in Resources */,
				378DE23B1C880DEA0053F169 /* travelList.json in Resources */,
				37B4041B1BA2C63000393EA0 /* LaunchScreen.xib in Resources */,
				378DE2B61C8D1F0C0053F169 /* O2OTableCell.xib in Resources */,
				378DE2371C880DEA0053F169 /* businessList.json in Resources */,
				378DE2B41C8D1F0C0053F169 /* NewsCell.xib in Resources */,
				37B404181BA2C63000393EA0 /* Images.xcassets in Resources */,
				378DE2A31C8D1F0C0053F169 /* BannerScrollCell.xib in Resources */,
				378DE2391C880DEA0053F169 /* o2oList.json in Resources */,
				378DE2B71C8D1F0C0053F169 /* TourismCell.xib in Resources */,
				CD22FD6F1CB6259200D83A19 /* SanyaMapCell.xib in Resources */,
				379A0D361C7FF5B6007A3A8F /* CityList.plist in Resources */,
				378DE2AE1C8D1F0C0053F169 /* FullImageCell.xib in Resources */,
				378DE2381C880DEA0053F169 /* newsList.json in Resources */,
				378DE2B21C8D1F0C0053F169 /* ImageTableCell.xib in Resources */,
				378DE2A71C8D1F0C0053F169 /* BtnViewCell.xib in Resources */,
				378DE2AA1C8D1F0C0053F169 /* DianshangHelpView.xib in Resources */,
				378DE2B01C8D1F0C0053F169 /* HomeHelpView.xib in Resources */,
				378DE2AC1C8D1F0C0053F169 /* FullIamge2Cell.xib in Resources */,
			);
			runOnlyForDeploymentPostprocessing = 0;
		};
		37B4041E1BA2C63000393EA0 /* Resources */ = {
			isa = PBXResourcesBuildPhase;
			buildActionMask = 2147483647;
			files = (
			);
			runOnlyForDeploymentPostprocessing = 0;
		};
/* End PBXResourcesBuildPhase section */

/* Begin PBXShellScriptBuildPhase section */
		8A704CA91599DCE97EEB76EA /* Check Pods Manifest.lock */ = {
			isa = PBXShellScriptBuildPhase;
			buildActionMask = 2147483647;
			files = (
			);
			inputPaths = (
			);
			name = "Check Pods Manifest.lock";
			outputPaths = (
			);
			runOnlyForDeploymentPostprocessing = 0;
			shellPath = /bin/sh;
			shellScript = "diff \"${PODS_ROOT}/../Podfile.lock\" \"${PODS_ROOT}/Manifest.lock\" > /dev/null\nif [[ $? != 0 ]] ; then\n    cat << EOM\nerror: The sandbox is not in sync with the Podfile.lock. Run 'pod install' or update your CocoaPods installation.\nEOM\n    exit 1\nfi\n";
			showEnvVarsInLog = 0;
		};
		B4ECDF304FAD84567A4BE921 /* Check Pods Manifest.lock */ = {
			isa = PBXShellScriptBuildPhase;
			buildActionMask = 2147483647;
			files = (
			);
			inputPaths = (
			);
			name = "Check Pods Manifest.lock";
			outputPaths = (
			);
			runOnlyForDeploymentPostprocessing = 0;
			shellPath = /bin/sh;
			shellScript = "diff \"${PODS_ROOT}/../Podfile.lock\" \"${PODS_ROOT}/Manifest.lock\" > /dev/null\nif [[ $? != 0 ]] ; then\n    cat << EOM\nerror: The sandbox is not in sync with the Podfile.lock. Run 'pod install' or update your CocoaPods installation.\nEOM\n    exit 1\nfi\n";
			showEnvVarsInLog = 0;
		};
		C27352E859B09B9C756E1639 /* Embed Pods Frameworks */ = {
			isa = PBXShellScriptBuildPhase;
			buildActionMask = 2147483647;
			files = (
			);
			inputPaths = (
			);
			name = "Embed Pods Frameworks";
			outputPaths = (
			);
			runOnlyForDeploymentPostprocessing = 0;
			shellPath = /bin/sh;
			shellScript = "\"${SRCROOT}/Pods/Target Support Files/Pods-MagicWindowShow2/Pods-MagicWindowShow2-frameworks.sh\"\n";
			showEnvVarsInLog = 0;
		};
		C293D4D5CE59B5C0D3FA29AF /* Copy Pods Resources */ = {
			isa = PBXShellScriptBuildPhase;
			buildActionMask = 2147483647;
			files = (
			);
			inputPaths = (
			);
			name = "Copy Pods Resources";
			outputPaths = (
			);
			runOnlyForDeploymentPostprocessing = 0;
			shellPath = /bin/sh;
			shellScript = "\"${SRCROOT}/Pods/Target Support Files/Pods-MagicWindowShow/Pods-MagicWindowShow-resources.sh\"\n";
			showEnvVarsInLog = 0;
		};
		F8938C5199487752CE32F49D /* Copy Pods Resources */ = {
			isa = PBXShellScriptBuildPhase;
			buildActionMask = 2147483647;
			files = (
			);
			inputPaths = (
			);
			name = "Copy Pods Resources";
			outputPaths = (
			);
			runOnlyForDeploymentPostprocessing = 0;
			shellPath = /bin/sh;
			shellScript = "\"${SRCROOT}/Pods/Target Support Files/Pods-MagicWindowShow2/Pods-MagicWindowShow2-resources.sh\"\n";
			showEnvVarsInLog = 0;
		};
		FF7B3B843899B786992608BB /* Embed Pods Frameworks */ = {
			isa = PBXShellScriptBuildPhase;
			buildActionMask = 2147483647;
			files = (
			);
			inputPaths = (
			);
			name = "Embed Pods Frameworks";
			outputPaths = (
			);
			runOnlyForDeploymentPostprocessing = 0;
			shellPath = /bin/sh;
			shellScript = "\"${SRCROOT}/Pods/Target Support Files/Pods-MagicWindowShow/Pods-MagicWindowShow-frameworks.sh\"\n";
			showEnvVarsInLog = 0;
		};
/* End PBXShellScriptBuildPhase section */

/* Begin PBXSourcesBuildPhase section */
		379A0CDA1C7EAB97007A3A8F /* Sources */ = {
			isa = PBXSourcesBuildPhase;
			buildActionMask = 2147483647;
			files = (
				379A0CE51C7EAB97007A3A8F /* AppDelegate.m in Sources */,
				372DA4E21C8D926E002532C3 /* DianShangTableViewController.m in Sources */,
				378DE2BB1C8D21200053F169 /* BannerScrollCell.m in Sources */,
				37E5F0C91C842BB90085B7DE /* LoginViewController2.m in Sources */,
				378DE2BD1C8D21360053F169 /* BtnView.m in Sources */,
				378DE2C01C8D215D0053F169 /* FullIamge2Cell.m in Sources */,
				379A0CE21C7EAB97007A3A8F /* main.m in Sources */,
				378DE2C21C8D21700053F169 /* BtnViewCell.m in Sources */,
				379A0D311C7ED260007A3A8F /* GoodsDetailViewController.m in Sources */,
				378DE2BF1C8D21490053F169 /* ImageTableCell.m in Sources */,
				37E5F0CC1C842FB10085B7DE /* CommonService.m in Sources */,
			);
			runOnlyForDeploymentPostprocessing = 0;
		};
		379A0CF21C7EAB97007A3A8F /* Sources */ = {
			isa = PBXSourcesBuildPhase;
			buildActionMask = 2147483647;
			files = (
				379A0CFB1C7EAB97007A3A8F /* MagicWindowShow2Tests.m in Sources */,
			);
			runOnlyForDeploymentPostprocessing = 0;
		};
		379A0CFD1C7EAB97007A3A8F /* Sources */ = {
			isa = PBXSourcesBuildPhase;
			buildActionMask = 2147483647;
			files = (
				379A0D061C7EAB97007A3A8F /* MagicWindowShow2UITests.m in Sources */,
			);
			runOnlyForDeploymentPostprocessing = 0;
		};
		37B404031BA2C63000393EA0 /* Sources */ = {
			isa = PBXSourcesBuildPhase;
			buildActionMask = 2147483647;
			files = (
				378DE28F1C8D1F0C0053F169 /* DianShangViewController.m in Sources */,
				37B404101BA2C63000393EA0 /* AppDelegate.m in Sources */,
				378DE2B31C8D1F0C0053F169 /* NewsCell.m in Sources */,
				378DE28E1C8D1F0C0053F169 /* DianShangDetailViewController.m in Sources */,
				378DE29D1C8D1F0C0053F169 /* TukuViewController.m in Sources */,
				378DE2A91C8D1F0C0053F169 /* DianshangHelpView.m in Sources */,
				378DE2911C8D1F0C0053F169 /* HomeViewController.m in Sources */,
				378DE2AF1C8D1F0C0053F169 /* HomeHelpView.m in Sources */,
				378DE2221C8706B10053F169 /* CommonService.m in Sources */,
				37B4040D1BA2C63000393EA0 /* main.m in Sources */,
				378DE2A41C8D1F0C0053F169 /* BtnView.m in Sources */,
				CD22FD721CB62D1200D83A19 /* SanyaMapCell.m in Sources */,
				378DE2A01C8D1F0C0053F169 /* BaseDomain.m in Sources */,
				378DE2A11C8D1F0C0053F169 /* ShowDomain.m in Sources */,
				378DE2231C8706B10053F169 /* OpenService.m in Sources */,
				378DE2301C87D8570053F169 /* ResourceService.m in Sources */,
				378DE2931C8D1F0C0053F169 /* LoginViewController.m in Sources */,
				378DE2B11C8D1F0C0053F169 /* ImageTableCell.m in Sources */,
				378DE2991C8D1F0C0053F169 /* PaymentViewController.m in Sources */,
				378DE2B81C8D1F0C0053F169 /* TwoImageCell.m in Sources */,
				378DE2A61C8D1F0C0053F169 /* BtnViewCell.m in Sources */,
				378DE29B1C8D1F0C0053F169 /* ShoppinglistViewController.m in Sources */,
				378DE2941C8D1F0C0053F169 /* MeViewController.m in Sources */,
				378DE2921C8D1F0C0053F169 /* LeftViewController.m in Sources */,
				378DE2AB1C8D1F0C0053F169 /* FullIamge2Cell.m in Sources */,
				378DE2961C8D1F0C0053F169 /* O2ODetailViewController.m in Sources */,
				378DE2901C8D1F0C0053F169 /* HelpViewController.m in Sources */,
				CD22FD6B1CB5FCDB00D83A19 /* SanyaViewController.m in Sources */,
				378DE2A21C8D1F0C0053F169 /* BannerScrollCell.m in Sources */,
				378DE2AD1C8D1F0C0053F169 /* FullImageCell.m in Sources */,
				378DE2A81C8D1F0C0053F169 /* ChineseToPinyin.m in Sources */,
				378DE2B51C8D1F0C0053F169 /* O2OTableCell.m in Sources */,
				378DE29C1C8D1F0C0053F169 /* TourismDetailViewController.m in Sources */,
				378DE29A1C8D1F0C0053F169 /* PaySuccessViewController.m in Sources */,
				378DE2971C8D1F0C0053F169 /* O2OViewController.m in Sources */,
				378DE29F1C8D1F0C0053F169 /* WebViewController.m in Sources */,
				378DE28D1C8D1F0C0053F169 /* CityPickerViewController.m in Sources */,
				378DE29E1C8D1F0C0053F169 /* ViewController.m in Sources */,
				378DE2981C8D1F0C0053F169 /* OrderDetailsViewController.m in Sources */,
				378DE2951C8D1F0C0053F169 /* NewsViewController.m in Sources */,
			);
			runOnlyForDeploymentPostprocessing = 0;
		};
		37B4041C1BA2C63000393EA0 /* Sources */ = {
			isa = PBXSourcesBuildPhase;
			buildActionMask = 2147483647;
			files = (
				37B404271BA2C63000393EA0 /* MagicWindowShowTests.m in Sources */,
			);
			runOnlyForDeploymentPostprocessing = 0;
		};
/* End PBXSourcesBuildPhase section */

/* Begin PBXTargetDependency section */
		379A0CF81C7EAB97007A3A8F /* PBXTargetDependency */ = {
			isa = PBXTargetDependency;
			target = 379A0CDD1C7EAB97007A3A8F /* MagicWindowShow2 */;
			targetProxy = 379A0CF71C7EAB97007A3A8F /* PBXContainerItemProxy */;
		};
		379A0D031C7EAB97007A3A8F /* PBXTargetDependency */ = {
			isa = PBXTargetDependency;
			target = 379A0CDD1C7EAB97007A3A8F /* MagicWindowShow2 */;
			targetProxy = 379A0D021C7EAB97007A3A8F /* PBXContainerItemProxy */;
		};
		37B404221BA2C63000393EA0 /* PBXTargetDependency */ = {
			isa = PBXTargetDependency;
			target = 37B404061BA2C63000393EA0 /* MagicWindowShow */;
			targetProxy = 37B404211BA2C63000393EA0 /* PBXContainerItemProxy */;
		};
/* End PBXTargetDependency section */

/* Begin PBXVariantGroup section */
		379A0CE91C7EAB97007A3A8F /* Main2.storyboard */ = {
			isa = PBXVariantGroup;
			children = (
				379A0CEA1C7EAB97007A3A8F /* Base */,
			);
			name = Main2.storyboard;
			sourceTree = "<group>";
		};
		379A0CEE1C7EAB97007A3A8F /* LaunchScreen.storyboard */ = {
			isa = PBXVariantGroup;
			children = (
				379A0CEF1C7EAB97007A3A8F /* Base */,
			);
			name = LaunchScreen.storyboard;
			sourceTree = "<group>";
		};
		37B404141BA2C63000393EA0 /* Main.storyboard */ = {
			isa = PBXVariantGroup;
			children = (
				37B404151BA2C63000393EA0 /* Base */,
			);
			name = Main.storyboard;
			sourceTree = "<group>";
		};
		37B404191BA2C63000393EA0 /* LaunchScreen.xib */ = {
			isa = PBXVariantGroup;
			children = (
				37B4041A1BA2C63000393EA0 /* Base */,
			);
			name = LaunchScreen.xib;
			sourceTree = "<group>";
		};
/* End PBXVariantGroup section */

/* Begin XCBuildConfiguration section */
		379A0D081C7EAB97007A3A8F /* Debug */ = {
			isa = XCBuildConfiguration;
			baseConfigurationReference = FCB9A29B6085CC59BF10E48A /* Pods-MagicWindowShow2.debug.xcconfig */;
			buildSettings = {
				ASSETCATALOG_COMPILER_APPICON_NAME = AppIcon;
				CODE_SIGN_ENTITLEMENTS = MagicWindowShow2/MagicWindowShow2.entitlements;
				CODE_SIGN_IDENTITY = "iPhone Developer";
				"CODE_SIGN_IDENTITY[sdk=iphoneos*]" = "iPhone Developer";
				DEBUG_INFORMATION_FORMAT = dwarf;
				ENABLE_BITCODE = NO;
				ENABLE_TESTABILITY = YES;
				INFOPLIST_FILE = MagicWindowShow2/Info.plist;
				IPHONEOS_DEPLOYMENT_TARGET = 8.0;
				LD_RUNPATH_SEARCH_PATHS = "$(inherited) @executable_path/Frameworks";
				OTHER_LDFLAGS = "$(inherited)";
				PRODUCT_BUNDLE_IDENTIFIER = com.mw.MagicWindowShow2;
				PRODUCT_NAME = "$(TARGET_NAME)";
				PROVISIONING_PROFILE = "";
			};
			name = Debug;
		};
		379A0D091C7EAB97007A3A8F /* Release */ = {
			isa = XCBuildConfiguration;
			baseConfigurationReference = 79C3ADF3DF978936E7AEE235 /* Pods-MagicWindowShow2.release.xcconfig */;
			buildSettings = {
				ASSETCATALOG_COMPILER_APPICON_NAME = AppIcon;
				CODE_SIGN_ENTITLEMENTS = MagicWindowShow2/MagicWindowShow2.entitlements;
				CODE_SIGN_IDENTITY = "iPhone Developer";
				"CODE_SIGN_IDENTITY[sdk=iphoneos*]" = "iPhone Developer";
				ENABLE_BITCODE = NO;
				INFOPLIST_FILE = MagicWindowShow2/Info.plist;
				IPHONEOS_DEPLOYMENT_TARGET = 8.0;
				LD_RUNPATH_SEARCH_PATHS = "$(inherited) @executable_path/Frameworks";
				OTHER_LDFLAGS = "$(inherited)";
				PRODUCT_BUNDLE_IDENTIFIER = com.mw.MagicWindowShow2;
				PRODUCT_NAME = "$(TARGET_NAME)";
				PROVISIONING_PROFILE = "";
			};
			name = Release;
		};
		379A0D0A1C7EAB97007A3A8F /* Debug */ = {
			isa = XCBuildConfiguration;
			buildSettings = {
				BUNDLE_LOADER = "$(TEST_HOST)";
				DEBUG_INFORMATION_FORMAT = dwarf;
				ENABLE_TESTABILITY = YES;
				INFOPLIST_FILE = MagicWindowShow2Tests/Info.plist;
				IPHONEOS_DEPLOYMENT_TARGET = 9.2;
				LD_RUNPATH_SEARCH_PATHS = "$(inherited) @executable_path/Frameworks @loader_path/Frameworks";
				PRODUCT_BUNDLE_IDENTIFIER = com.liehong.MagicWindowShow2Tests;
				PRODUCT_NAME = "$(TARGET_NAME)";
				TEST_HOST = "$(BUILT_PRODUCTS_DIR)/MagicWindowShow2.app/MagicWindowShow2";
			};
			name = Debug;
		};
		379A0D0B1C7EAB97007A3A8F /* Release */ = {
			isa = XCBuildConfiguration;
			buildSettings = {
				BUNDLE_LOADER = "$(TEST_HOST)";
				INFOPLIST_FILE = MagicWindowShow2Tests/Info.plist;
				IPHONEOS_DEPLOYMENT_TARGET = 9.2;
				LD_RUNPATH_SEARCH_PATHS = "$(inherited) @executable_path/Frameworks @loader_path/Frameworks";
				PRODUCT_BUNDLE_IDENTIFIER = com.liehong.MagicWindowShow2Tests;
				PRODUCT_NAME = "$(TARGET_NAME)";
				TEST_HOST = "$(BUILT_PRODUCTS_DIR)/MagicWindowShow2.app/MagicWindowShow2";
			};
			name = Release;
		};
		379A0D0C1C7EAB97007A3A8F /* Debug */ = {
			isa = XCBuildConfiguration;
			buildSettings = {
				DEBUG_INFORMATION_FORMAT = dwarf;
				ENABLE_TESTABILITY = YES;
				INFOPLIST_FILE = MagicWindowShow2UITests/Info.plist;
				IPHONEOS_DEPLOYMENT_TARGET = 9.2;
				LD_RUNPATH_SEARCH_PATHS = "$(inherited) @executable_path/Frameworks @loader_path/Frameworks";
				PRODUCT_BUNDLE_IDENTIFIER = com.liehong.MagicWindowShow2UITests;
				PRODUCT_NAME = "$(TARGET_NAME)";
				TEST_TARGET_NAME = MagicWindowShow2;
				USES_XCTRUNNER = YES;
			};
			name = Debug;
		};
		379A0D0D1C7EAB97007A3A8F /* Release */ = {
			isa = XCBuildConfiguration;
			buildSettings = {
				INFOPLIST_FILE = MagicWindowShow2UITests/Info.plist;
				IPHONEOS_DEPLOYMENT_TARGET = 9.2;
				LD_RUNPATH_SEARCH_PATHS = "$(inherited) @executable_path/Frameworks @loader_path/Frameworks";
				PRODUCT_BUNDLE_IDENTIFIER = com.liehong.MagicWindowShow2UITests;
				PRODUCT_NAME = "$(TARGET_NAME)";
				TEST_TARGET_NAME = MagicWindowShow2;
				USES_XCTRUNNER = YES;
			};
			name = Release;
		};
		37B404281BA2C63000393EA0 /* Debug */ = {
			isa = XCBuildConfiguration;
			buildSettings = {
				ALWAYS_SEARCH_USER_PATHS = NO;
				CLANG_CXX_LANGUAGE_STANDARD = "gnu++0x";
				CLANG_CXX_LIBRARY = "libc++";
				CLANG_ENABLE_MODULES = YES;
				CLANG_ENABLE_OBJC_ARC = YES;
				CLANG_WARN_BOOL_CONVERSION = YES;
				CLANG_WARN_CONSTANT_CONVERSION = YES;
				CLANG_WARN_DIRECT_OBJC_ISA_USAGE = YES_ERROR;
				CLANG_WARN_EMPTY_BODY = YES;
				CLANG_WARN_ENUM_CONVERSION = YES;
				CLANG_WARN_INT_CONVERSION = YES;
				CLANG_WARN_OBJC_ROOT_CLASS = YES_ERROR;
				CLANG_WARN_UNREACHABLE_CODE = YES;
				CLANG_WARN__DUPLICATE_METHOD_MATCH = YES;
				"CODE_SIGN_IDENTITY[sdk=iphoneos*]" = "iPhone Developer";
				COPY_PHASE_STRIP = NO;
				DEBUG_INFORMATION_FORMAT = "dwarf-with-dsym";
				ENABLE_STRICT_OBJC_MSGSEND = YES;
				GCC_C_LANGUAGE_STANDARD = gnu99;
				GCC_DYNAMIC_NO_PIC = NO;
				GCC_NO_COMMON_BLOCKS = YES;
				GCC_OPTIMIZATION_LEVEL = 0;
				GCC_PREPROCESSOR_DEFINITIONS = (
					"DEBUG=1",
					"$(inherited)",
				);
				GCC_SYMBOLS_PRIVATE_EXTERN = NO;
				GCC_WARN_64_TO_32_BIT_CONVERSION = YES;
				GCC_WARN_ABOUT_RETURN_TYPE = YES_ERROR;
				GCC_WARN_UNDECLARED_SELECTOR = YES;
				GCC_WARN_UNINITIALIZED_AUTOS = YES_AGGRESSIVE;
				GCC_WARN_UNUSED_FUNCTION = YES;
				GCC_WARN_UNUSED_VARIABLE = YES;
				IPHONEOS_DEPLOYMENT_TARGET = 7.0;
				MTL_ENABLE_DEBUG_INFO = YES;
				ONLY_ACTIVE_ARCH = YES;
				SDKROOT = iphoneos;
			};
			name = Debug;
		};
		37B404291BA2C63000393EA0 /* Release */ = {
			isa = XCBuildConfiguration;
			buildSettings = {
				ALWAYS_SEARCH_USER_PATHS = NO;
				CLANG_CXX_LANGUAGE_STANDARD = "gnu++0x";
				CLANG_CXX_LIBRARY = "libc++";
				CLANG_ENABLE_MODULES = YES;
				CLANG_ENABLE_OBJC_ARC = YES;
				CLANG_WARN_BOOL_CONVERSION = YES;
				CLANG_WARN_CONSTANT_CONVERSION = YES;
				CLANG_WARN_DIRECT_OBJC_ISA_USAGE = YES_ERROR;
				CLANG_WARN_EMPTY_BODY = YES;
				CLANG_WARN_ENUM_CONVERSION = YES;
				CLANG_WARN_INT_CONVERSION = YES;
				CLANG_WARN_OBJC_ROOT_CLASS = YES_ERROR;
				CLANG_WARN_UNREACHABLE_CODE = YES;
				CLANG_WARN__DUPLICATE_METHOD_MATCH = YES;
				"CODE_SIGN_IDENTITY[sdk=iphoneos*]" = "iPhone Developer";
				COPY_PHASE_STRIP = NO;
				DEBUG_INFORMATION_FORMAT = "dwarf-with-dsym";
				ENABLE_NS_ASSERTIONS = NO;
				ENABLE_STRICT_OBJC_MSGSEND = YES;
				GCC_C_LANGUAGE_STANDARD = gnu99;
				GCC_NO_COMMON_BLOCKS = YES;
				GCC_WARN_64_TO_32_BIT_CONVERSION = YES;
				GCC_WARN_ABOUT_RETURN_TYPE = YES_ERROR;
				GCC_WARN_UNDECLARED_SELECTOR = YES;
				GCC_WARN_UNINITIALIZED_AUTOS = YES_AGGRESSIVE;
				GCC_WARN_UNUSED_FUNCTION = YES;
				GCC_WARN_UNUSED_VARIABLE = YES;
				IPHONEOS_DEPLOYMENT_TARGET = 7.0;
				MTL_ENABLE_DEBUG_INFO = NO;
				SDKROOT = iphoneos;
				VALIDATE_PRODUCT = YES;
			};
			name = Release;
		};
		37B4042B1BA2C63000393EA0 /* Debug */ = {
			isa = XCBuildConfiguration;
			baseConfigurationReference = 560F193E5385C4125A190BE2 /* Pods-MagicWindowShow.debug.xcconfig */;
			buildSettings = {
				ASSETCATALOG_COMPILER_APPICON_NAME = AppIcon;
				CLANG_ENABLE_MODULES = YES;
				CODE_SIGN_ENTITLEMENTS = MagicWindowShow/MagicWindowShow.entitlements;
				CODE_SIGN_IDENTITY = "iPhone Developer: Jiafei Liu (H6VZ3JH9EX)";
				"CODE_SIGN_IDENTITY[sdk=iphoneos*]" = "iPhone Developer: Jiafei Liu (H6VZ3JH9EX)";
				DEBUG_INFORMATION_FORMAT = dwarf;
				ENABLE_BITCODE = NO;
				FRAMEWORK_SEARCH_PATHS = "$(inherited)";
				HEADER_SEARCH_PATHS = "$(inherited)";
				INFOPLIST_FILE = MagicWindowShow/Info.plist;
				IPHONEOS_DEPLOYMENT_TARGET = 7.0;
				LD_RUNPATH_SEARCH_PATHS = "$(inherited) @executable_path/Frameworks";
				LIBRARY_SEARCH_PATHS = (
					"$(inherited)",
					"$(PROJECT_DIR)/MagicWindowSDK/Share/otherSDK/WeChatSDK",
				);
				OTHER_LDFLAGS = "$(inherited)";
				PRODUCT_BUNDLE_IDENTIFIER = com.mw.MagicWIndowShow;
				PRODUCT_NAME = MagicWindowShow;
				PROVISIONING_PROFILE = "2c7f92fc-5c44-4b7e-a335-bc9e5b6e77e4";
				TARGETED_DEVICE_FAMILY = 1;
			};
			name = Debug;
		};
		37B4042C1BA2C63000393EA0 /* Release */ = {
			isa = XCBuildConfiguration;
			baseConfigurationReference = F27E35DF021E287E04920738 /* Pods-MagicWindowShow.release.xcconfig */;
			buildSettings = {
				ASSETCATALOG_COMPILER_APPICON_NAME = AppIcon;
				CLANG_ENABLE_MODULES = YES;
				CODE_SIGN_ENTITLEMENTS = MagicWindowShow/MagicWindowShow.entitlements;
				CODE_SIGN_IDENTITY = "iPhone Distribution: Shanghai Liehong Infotech Co., Ltd.";
				"CODE_SIGN_IDENTITY[sdk=iphoneos*]" = "iPhone Distribution: Shanghai Liehong Infotech Co., Ltd.";
				DEBUG_INFORMATION_FORMAT = dwarf;
				ENABLE_BITCODE = NO;
				FRAMEWORK_SEARCH_PATHS = "$(inherited)";
				HEADER_SEARCH_PATHS = "$(inherited)";
				INFOPLIST_FILE = MagicWindowShow/Info.plist;
				IPHONEOS_DEPLOYMENT_TARGET = 7.0;
				LD_RUNPATH_SEARCH_PATHS = "$(inherited) @executable_path/Frameworks";
				LIBRARY_SEARCH_PATHS = (
					"$(inherited)",
					"$(PROJECT_DIR)/MagicWindowSDK/Share/otherSDK/WeChatSDK",
				);
				OTHER_LDFLAGS = "$(inherited)";
				PRODUCT_BUNDLE_IDENTIFIER = com.mw.MagicWIndowShow;
				PRODUCT_NAME = MagicWindowShow;
				TARGETED_DEVICE_FAMILY = 1;
			};
			name = Release;
		};
		37B4042E1BA2C63000393EA0 /* Debug */ = {
			isa = XCBuildConfiguration;
			buildSettings = {
				BUNDLE_LOADER = "$(TEST_HOST)";
				FRAMEWORK_SEARCH_PATHS = (
					"$(SDKROOT)/Developer/Library/Frameworks",
					"$(inherited)",
				);
				GCC_PREPROCESSOR_DEFINITIONS = (
					"DEBUG=1",
					"$(inherited)",
				);
				INFOPLIST_FILE = MagicWIndowShowTests/Info.plist;
				LD_RUNPATH_SEARCH_PATHS = "$(inherited) @executable_path/Frameworks @loader_path/Frameworks";
				PRODUCT_NAME = MagicWindowShow;
				TEST_HOST = "$(BUNDLE_LOADER)";
			};
			name = Debug;
		};
		37B4042F1BA2C63000393EA0 /* Release */ = {
			isa = XCBuildConfiguration;
			buildSettings = {
				BUNDLE_LOADER = "$(TEST_HOST)";
				FRAMEWORK_SEARCH_PATHS = (
					"$(SDKROOT)/Developer/Library/Frameworks",
					"$(inherited)",
				);
				INFOPLIST_FILE = MagicWIndowShowTests/Info.plist;
				LD_RUNPATH_SEARCH_PATHS = "$(inherited) @executable_path/Frameworks @loader_path/Frameworks";
				PRODUCT_NAME = MagicWindowShow;
				TEST_HOST = "$(BUNDLE_LOADER)";
			};
			name = Release;
		};
/* End XCBuildConfiguration section */

/* Begin XCConfigurationList section */
		379A0D0E1C7EAB97007A3A8F /* Build configuration list for PBXNativeTarget "MagicWindowShow2" */ = {
			isa = XCConfigurationList;
			buildConfigurations = (
				379A0D081C7EAB97007A3A8F /* Debug */,
				379A0D091C7EAB97007A3A8F /* Release */,
			);
			defaultConfigurationIsVisible = 0;
			defaultConfigurationName = Release;
		};
		379A0D0F1C7EAB97007A3A8F /* Build configuration list for PBXNativeTarget "MagicWindowShow2Tests" */ = {
			isa = XCConfigurationList;
			buildConfigurations = (
				379A0D0A1C7EAB97007A3A8F /* Debug */,
				379A0D0B1C7EAB97007A3A8F /* Release */,
			);
			defaultConfigurationIsVisible = 0;
			defaultConfigurationName = Release;
		};
		379A0D101C7EAB97007A3A8F /* Build configuration list for PBXNativeTarget "MagicWindowShow2UITests" */ = {
			isa = XCConfigurationList;
			buildConfigurations = (
				379A0D0C1C7EAB97007A3A8F /* Debug */,
				379A0D0D1C7EAB97007A3A8F /* Release */,
			);
			defaultConfigurationIsVisible = 0;
			defaultConfigurationName = Release;
		};
		37B404021BA2C63000393EA0 /* Build configuration list for PBXProject "MagicWindowShow" */ = {
			isa = XCConfigurationList;
			buildConfigurations = (
				37B404281BA2C63000393EA0 /* Debug */,
				37B404291BA2C63000393EA0 /* Release */,
			);
			defaultConfigurationIsVisible = 0;
			defaultConfigurationName = Release;
		};
		37B4042A1BA2C63000393EA0 /* Build configuration list for PBXNativeTarget "MagicWindowShow" */ = {
			isa = XCConfigurationList;
			buildConfigurations = (
				37B4042B1BA2C63000393EA0 /* Debug */,
				37B4042C1BA2C63000393EA0 /* Release */,
			);
			defaultConfigurationIsVisible = 0;
			defaultConfigurationName = Release;
		};
		37B4042D1BA2C63000393EA0 /* Build configuration list for PBXNativeTarget "MagicWindowShowTests" */ = {
			isa = XCConfigurationList;
			buildConfigurations = (
				37B4042E1BA2C63000393EA0 /* Debug */,
				37B4042F1BA2C63000393EA0 /* Release */,
			);
			defaultConfigurationIsVisible = 0;
			defaultConfigurationName = Release;
		};
/* End XCConfigurationList section */
	};
	rootObject = 37B403FF1BA2C63000393EA0 /* Project object */;
}
